
Microsoft Visual Studio Solution File, Format Version 12.00
# Visual Studio 15
VisualStudioVersion = 15.0.27703.2035
MinimumVisualStudioVersion = 10.0.40219.1
Project("{8BC9CEB8-8B4A-11D0-8D11-00A0C91BC942}") = "exam2", "exam2\exam2.vcxproj", "{3E8CE950-25CC-4B5A-BE5F-EF8B8101D3FF}"
EndProject
Project("{8BC9CEB8-8B4A-11D0-8D11-00A0C91BC942}") = "exam3", "exam3\exam3.vcxproj", "{491E0C30-C850-4EA1-B9AF-CDC0AC6E4435}"
EndProject
Project("{8BC9CEB8-8B4A-11D0-8D11-00A0C91BC942}") = "exam4", "exam4\exam4.vcxproj", "{1EA586B0-6A7E-4CB1-9625-8B1A28B6CCA1}"
EndProject
Project("{8BC9CEB8-8B4A-11D0-8D11-00A0C91BC942}") = "exam5", "exam5\exam5.vcxproj", "{8F123837-60BB-4848-BC1E-6AA394BE484D}"
EndProject
Project("{8BC9CEB8-8B4A-11D0-8D11-00A0C91BC942}") = "exam6", "exam6\exam6.vcxproj", "{469C9EC1-EC3F-40B8-8BA5-69B69B6FA7AF}"
EndProject
Project("{8BC9CEB8-8B4A-11D0-8D11-00A0C91BC942}") = "exam7", "exam7\exam7.vcxproj", "{AA9FA114-2765-4F0F-9310-77E8BC7E5AFB}"
EndProject
Project("{8BC9CEB8-8B4A-11D0-8D11-00A0C91BC942}") = "exam8", "exam8\exam8.vcxproj", "{4B7CDC8B-8716-4D67-9294-B6169DCA9DF8}"
EndProject
Project("{8BC9CEB8-8B4A-11D0-8D11-00A0C91BC942}") = "exam9", "exam9\exam9.vcxproj", "{52AE28DF-F962-4578-A96E-F18930A72A95}"
EndProject
Project("{8BC9CEB8-8B4A-11D0-8D11-00A0C91BC942}") = "exam1", "exam1\day6.vcxproj", "{D10FD9B2-79E2-45EC-9CA4-B615828862AB}"
EndProject
Project("{8BC9CEB8-8B4A-11D0-8D11-00A0C91BC942}") = "exam10", "exam10\exam10.vcxproj", "{BEF2C3A8-8E29-490C-817B-911D962300BD}"
EndProject
Project("{8BC9CEB8-8B4A-11D0-8D11-00A0C91BC942}") = "exam11", "exam11\exam11.vcxproj", "{0DB84BD2-B537-40CE-B2FD-0EED901F6A80}"
EndProject
Project("{8BC9CEB8-8B4A-11D0-8D11-00A0C91BC942}") = "exam12", "exam12\exam12.vcxproj", "{AE43FE0E-0BF5-4BA9-973A-1639AAB71581}"
EndProject
Project("{8BC9CEB8-8B4A-11D0-8D11-00A0C91BC942}") = "exam13", "exam13\exam13.vcxproj", "{55772CFE-E29E-4199-9951-6FDB2EE1578D}"
EndProject
Project("{8BC9CEB8-8B4A-11D0-8D11-00A0C91BC942}") = "exam14", "exam14\exam14.vcxproj", "{8BB0BEF2-33B6-40D7-BCB4-9C59E00F4206}"
EndProject
Project("{8BC9CEB8-8B4A-11D0-8D11-00A0C91BC942}") = "exam15", "exam15\exam15.vcxproj", "{4E7A6DB2-2218-4702-AB03-A119C3A9D34B}"
EndProject
Global
	GlobalSection(SolutionConfigurationPlatforms) = preSolution
		Debug|x64 = Debug|x64
		Debug|x86 = Debug|x86
		Release|x64 = Release|x64
		Release|x86 = Release|x86
	EndGlobalSection
	GlobalSection(ProjectConfigurationPlatforms) = postSolution
		{3E8CE950-25CC-4B5A-BE5F-EF8B8101D3FF}.Debug|x64.ActiveCfg = Debug|x64
		{3E8CE950-25CC-4B5A-BE5F-EF8B8101D3FF}.Debug|x64.Build.0 = Debug|x64
		{3E8CE950-25CC-4B5A-BE5F-EF8B8101D3FF}.Debug|x86.ActiveCfg = Debug|Win32
		{3E8CE950-25CC-4B5A-BE5F-EF8B8101D3FF}.Debug|x86.Build.0 = Debug|Win32
		{3E8CE950-25CC-4B5A-BE5F-EF8B8101D3FF}.Release|x64.ActiveCfg = Release|x64
		{3E8CE950-25CC-4B5A-BE5F-EF8B8101D3FF}.Release|x64.Build.0 = Release|x64
		{3E8CE950-25CC-4B5A-BE5F-EF8B8101D3FF}.Release|x86.ActiveCfg = Release|Win32
		{3E8CE950-25CC-4B5A-BE5F-EF8B8101D3FF}.Release|x86.Build.0 = Release|Win32
		{491E0C30-C850-4EA1-B9AF-CDC0AC6E4435}.Debug|x64.ActiveCfg = Debug|x64
		{491E0C30-C850-4EA1-B9AF-CDC0AC6E4435}.Debug|x64.Build.0 = Debug|x64
		{491E0C30-C850-4EA1-B9AF-CDC0AC6E4435}.Debug|x86.ActiveCfg = Debug|Win32
		{491E0C30-C850-4EA1-B9AF-CDC0AC6E4435}.Debug|x86.Build.0 = Debug|Win32
		{491E0C30-C850-4EA1-B9AF-CDC0AC6E4435}.Release|x64.ActiveCfg = Release|x64
		{491E0C30-C850-4EA1-B9AF-CDC0AC6E4435}.Release|x64.Build.0 = Release|x64
		{491E0C30-C850-4EA1-B9AF-CDC0AC6E4435}.Release|x86.ActiveCfg = Release|Win32
		{491E0C30-C850-4EA1-B9AF-CDC0AC6E4435}.Release|x86.Build.0 = Release|Win32
		{1EA586B0-6A7E-4CB1-9625-8B1A28B6CCA1}.Debug|x64.ActiveCfg = Debug|x64
		{1EA586B0-6A7E-4CB1-9625-8B1A28B6CCA1}.Debug|x64.Build.0 = Debug|x64
		{1EA586B0-6A7E-4CB1-9625-8B1A28B6CCA1}.Debug|x86.ActiveCfg = Debug|Win32
		{1EA586B0-6A7E-4CB1-9625-8B1A28B6CCA1}.Debug|x86.Build.0 = Debug|Win32
		{1EA586B0-6A7E-4CB1-9625-8B1A28B6CCA1}.Release|x64.ActiveCfg = Release|x64
		{1EA586B0-6A7E-4CB1-9625-8B1A28B6CCA1}.Release|x64.Build.0 = Release|x64
		{1EA586B0-6A7E-4CB1-9625-8B1A28B6CCA1}.Release|x86.ActiveCfg = Release|Win32
		{1EA586B0-6A7E-4CB1-9625-8B1A28B6CCA1}.Release|x86.Build.0 = Release|Win32
		{8F123837-60BB-4848-BC1E-6AA394BE484D}.Debug|x64.ActiveCfg = Debug|x64
		{8F123837-60BB-4848-BC1E-6AA394BE484D}.Debug|x64.Build.0 = Debug|x64
		{8F123837-60BB-4848-BC1E-6AA394BE484D}.Debug|x86.ActiveCfg = Debug|Win32
		{8F123837-60BB-4848-BC1E-6AA394BE484D}.Debug|x86.Build.0 = Debug|Win32
		{8F123837-60BB-4848-BC1E-6AA394BE484D}.Release|x64.ActiveCfg = Release|x64
		{8F123837-60BB-4848-BC1E-6AA394BE484D}.Release|x64.Build.0 = Release|x64
		{8F123837-60BB-4848-BC1E-6AA394BE484D}.Release|x86.ActiveCfg = Release|Win32
		{8F123837-60BB-4848-BC1E-6AA394BE484D}.Release|x86.Build.0 = Release|Win32
		{469C9EC1-EC3F-40B8-8BA5-69B69B6FA7AF}.Debug|x64.ActiveCfg = Debug|x64
		{469C9EC1-EC3F-40B8-8BA5-69B69B6FA7AF}.Debug|x64.Build.0 = Debug|x64
		{469C9EC1-EC3F-40B8-8BA5-69B69B6FA7AF}.Debug|x86.ActiveCfg = Debug|Win32
		{469C9EC1-EC3F-40B8-8BA5-69B69B6FA7AF}.Debug|x86.Build.0 = Debug|Win32
		{469C9EC1-EC3F-40B8-8BA5-69B69B6FA7AF}.Release|x64.ActiveCfg = Release|x64
		{469C9EC1-EC3F-40B8-8BA5-69B69B6FA7AF}.Release|x64.Build.0 = Release|x64
		{469C9EC1-EC3F-40B8-8BA5-69B69B6FA7AF}.Release|x86.ActiveCfg = Release|Win32
		{469C9EC1-EC3F-40B8-8BA5-69B69B6FA7AF}.Release|x86.Build.0 = Release|Win32
		{AA9FA114-2765-4F0F-9310-77E8BC7E5AFB}.Debug|x64.ActiveCfg = Debug|x64
		{AA9FA114-2765-4F0F-9310-77E8BC7E5AFB}.Debug|x64.Build.0 = Debug|x64
		{AA9FA114-2765-4F0F-9310-77E8BC7E5AFB}.Debug|x86.ActiveCfg = Debug|Win32
		{AA9FA114-2765-4F0F-9310-77E8BC7E5AFB}.Debug|x86.Build.0 = Debug|Win32
		{AA9FA114-2765-4F0F-9310-77E8BC7E5AFB}.Release|x64.ActiveCfg = Release|x64
		{AA9FA114-2765-4F0F-9310-77E8BC7E5AFB}.Release|x64.Build.0 = Release|x64
		{AA9FA114-2765-4F0F-9310-77E8BC7E5AFB}.Release|x86.ActiveCfg = Release|Win32
		{AA9FA114-2765-4F0F-9310-77E8BC7E5AFB}.Release|x86.Build.0 = Release|Win32
		{4B7CDC8B-8716-4D67-9294-B6169DCA9DF8}.Debug|x64.ActiveCfg = Debug|x64
		{4B7CDC8B-8716-4D67-9294-B6169DCA9DF8}.Debug|x64.Build.0 = Debug|x64
		{4B7CDC8B-8716-4D67-9294-B6169DCA9DF8}.Debug|x86.ActiveCfg = Debug|Win32
		{4B7CDC8B-8716-4D67-9294-B6169DCA9DF8}.Debug|x86.Build.0 = Debug|Win32
		{4B7CDC8B-8716-4D67-9294-B6169DCA9DF8}.Release|x64.ActiveCfg = Release|x64
		{4B7CDC8B-8716-4D67-9294-B6169DCA9DF8}.Release|x64.Build.0 = Release|x64
		{4B7CDC8B-8716-4D67-9294-B6169DCA9DF8}.Release|x86.ActiveCfg = Release|Win32
		{4B7CDC8B-8716-4D67-9294-B6169DCA9DF8}.Release|x86.Build.0 = Release|Win32
		{52AE28DF-F962-4578-A96E-F18930A72A95}.Debug|x64.ActiveCfg = Debug|x64
		{52AE28DF-F962-4578-A96E-F18930A72A95}.Debug|x64.Build.0 = Debug|x64
		{52AE28DF-F962-4578-A96E-F18930A72A95}.Debug|x86.ActiveCfg = Debug|Win32
		{52AE28DF-F962-4578-A96E-F18930A72A95}.Debug|x86.Build.0 = Debug|Win32
		{52AE28DF-F962-4578-A96E-F18930A72A95}.Release|x64.ActiveCfg = Release|x64
		{52AE28DF-F962-4578-A96E-F18930A72A95}.Release|x64.Build.0 = Release|x64
		{52AE28DF-F962-4578-A96E-F18930A72A95}.Release|x86.ActiveCfg = Release|Win32
		{52AE28DF-F962-4578-A96E-F18930A72A95}.Release|x86.Build.0 = Release|Win32
		{D10FD9B2-79E2-45EC-9CA4-B615828862AB}.Debug|x64.ActiveCfg = Debug|x64
		{D10FD9B2-79E2-45EC-9CA4-B615828862AB}.Debug|x64.Build.0 = Debug|x64
		{D10FD9B2-79E2-45EC-9CA4-B615828862AB}.Debug|x86.ActiveCfg = Debug|Win32
		{D10FD9B2-79E2-45EC-9CA4-B615828862AB}.Debug|x86.Build.0 = Debug|Win32
		{D10FD9B2-79E2-45EC-9CA4-B615828862AB}.Release|x64.ActiveCfg = Release|x64
		{D10FD9B2-79E2-45EC-9CA4-B615828862AB}.Release|x64.Build.0 = Release|x64
		{D10FD9B2-79E2-45EC-9CA4-B615828862AB}.Release|x86.ActiveCfg = Release|Win32
		{D10FD9B2-79E2-45EC-9CA4-B615828862AB}.Release|x86.Build.0 = Release|Win32
		{BEF2C3A8-8E29-490C-817B-911D962300BD}.Debug|x64.ActiveCfg = Debug|x64
		{BEF2C3A8-8E29-490C-817B-911D962300BD}.Debug|x64.Build.0 = Debug|x64
		{BEF2C3A8-8E29-490C-817B-911D962300BD}.Debug|x86.ActiveCfg = Debug|Win32
		{BEF2C3A8-8E29-490C-817B-911D962300BD}.Debug|x86.Build.0 = Debug|Win32
		{BEF2C3A8-8E29-490C-817B-911D962300BD}.Release|x64.ActiveCfg = Release|x64
		{BEF2C3A8-8E29-490C-817B-911D962300BD}.Release|x64.Build.0 = Release|x64
		{BEF2C3A8-8E29-490C-817B-911D962300BD}.Release|x86.ActiveCfg = Release|Win32
		{BEF2C3A8-8E29-490C-817B-911D962300BD}.Release|x86.Build.0 = Release|Win32
		{0DB84BD2-B537-40CE-B2FD-0EED901F6A80}.Debug|x64.ActiveCfg = Debug|x64
		{0DB84BD2-B537-40CE-B2FD-0EED901F6A80}.Debug|x64.Build.0 = Debug|x64
		{0DB84BD2-B537-40CE-B2FD-0EED901F6A80}.Debug|x86.ActiveCfg = Debug|Win32
		{0DB84BD2-B537-40CE-B2FD-0EED901F6A80}.Debug|x86.Build.0 = Debug|Win32
		{0DB84BD2-B537-40CE-B2FD-0EED901F6A80}.Release|x64.ActiveCfg = Release|x64
		{0DB84BD2-B537-40CE-B2FD-0EED901F6A80}.Release|x64.Build.0 = Release|x64
		{0DB84BD2-B537-40CE-B2FD-0EED901F6A80}.Release|x86.ActiveCfg = Release|Win32
		{0DB84BD2-B537-40CE-B2FD-0EED901F6A80}.Release|x86.Build.0 = Release|Win32
		{AE43FE0E-0BF5-4BA9-973A-1639AAB71581}.Debug|x64.ActiveCfg = Debug|x64
		{AE43FE0E-0BF5-4BA9-973A-1639AAB71581}.Debug|x64.Build.0 = Debug|x64
		{AE43FE0E-0BF5-4BA9-973A-1639AAB71581}.Debug|x86.ActiveCfg = Debug|Win32
		{AE43FE0E-0BF5-4BA9-973A-1639AAB71581}.Debug|x86.Build.0 = Debug|Win32
		{AE43FE0E-0BF5-4BA9-973A-1639AAB71581}.Release|x64.ActiveCfg = Release|x64
		{AE43FE0E-0BF5-4BA9-973A-1639AAB71581}.Release|x64.Build.0 = Release|x64
		{AE43FE0E-0BF5-4BA9-973A-1639AAB71581}.Release|x86.ActiveCfg = Release|Win32
		{AE43FE0E-0BF5-4BA9-973A-1639AAB71581}.Release|x86.Build.0 = Release|Win32
		{55772CFE-E29E-4199-9951-6FDB2EE1578D}.Debug|x64.ActiveCfg = Debug|x64
		{55772CFE-E29E-4199-9951-6FDB2EE1578D}.Debug|x64.Build.0 = Debug|x64
		{55772CFE-E29E-4199-9951-6FDB2EE1578D}.Debug|x86.ActiveCfg = Debug|Win32
		{55772CFE-E29E-4199-9951-6FDB2EE1578D}.Debug|x86.Build.0 = Debug|Win32
		{55772CFE-E29E-4199-9951-6FDB2EE1578D}.Release|x64.ActiveCfg = Release|x64
		{55772CFE-E29E-4199-9951-6FDB2EE1578D}.Release|x64.Build.0 = Release|x64
		{55772CFE-E29E-4199-9951-6FDB2EE1578D}.Release|x86.ActiveCfg = Release|Win32
		{55772CFE-E29E-4199-9951-6FDB2EE1578D}.Release|x86.Build.0 = Release|Win32
		{8BB0BEF2-33B6-40D7-BCB4-9C59E00F4206}.Debug|x64.ActiveCfg = Debug|x64
		{8BB0BEF2-33B6-40D7-BCB4-9C59E00F4206}.Debug|x64.Build.0 = Debug|x64
		{8BB0BEF2-33B6-40D7-BCB4-9C59E00F4206}.Debug|x86.ActiveCfg = Debug|Win32
		{8BB0BEF2-33B6-40D7-BCB4-9C59E00F4206}.Debug|x86.Build.0 = Debug|Win32
		{8BB0BEF2-33B6-40D7-BCB4-9C59E00F4206}.Release|x64.ActiveCfg = Release|x64
		{8BB0BEF2-33B6-40D7-BCB4-9C59E00F4206}.Release|x64.Build.0 = Release|x64
		{8BB0BEF2-33B6-40D7-BCB4-9C59E00F4206}.Release|x86.ActiveCfg = Release|Win32
		{8BB0BEF2-33B6-40D7-BCB4-9C59E00F4206}.Release|x86.Build.0 = Release|Win32
		{4E7A6DB2-2218-4702-AB03-A119C3A9D34B}.Debug|x64.ActiveCfg = Debug|x64
		{4E7A6DB2-2218-4702-AB03-A119C3A9D34B}.Debug|x64.Build.0 = Debug|x64
		{4E7A6DB2-2218-4702-AB03-A119C3A9D34B}.Debug|x86.ActiveCfg = Debug|Win32
		{4E7A6DB2-2218-4702-AB03-A119C3A9D34B}.Debug|x86.Build.0 = Debug|Win32
		{4E7A6DB2-2218-4702-AB03-A119C3A9D34B}.Release|x64.ActiveCfg = Release|x64
		{4E7A6DB2-2218-4702-AB03-A119C3A9D34B}.Release|x64.Build.0 = Release|x64
		{4E7A6DB2-2218-4702-AB03-A119C3A9D34B}.Release|x86.ActiveCfg = Release|Win32
		{4E7A6DB2-2218-4702-AB03-A119C3A9D34B}.Release|x86.Build.0 = Release|Win32
	EndGlobalSection
	GlobalSection(SolutionProperties) = preSolution
		HideSolutionNode = FALSE
	EndGlobalSection
	GlobalSection(ExtensibilityGlobals) = postSolution
		SolutionGuid = {A2B931FD-36EA-41F3-B6FC-0EABA1D5F0BB}
	EndGlobalSection
EndGlobal
