
Microsoft Visual Studio Solution File, Format Version 12.00
# Visual Studio 15
VisualStudioVersion = 15.0.27703.2035
MinimumVisualStudioVersion = 10.0.40219.1
Project("{8BC9CEB8-8B4A-11D0-8D11-00A0C91BC942}") = "exam1", "exam1\exam1.vcxproj", "{17D3D2B1-88D8-4A83-BC2F-9896CF57BF73}"
EndProject
Project("{8BC9CEB8-8B4A-11D0-8D11-00A0C91BC942}") = "exam2", "exam2\exam2.vcxproj", "{C679E6FB-29A4-47A5-B0A7-01FB6096C318}"
EndProject
Project("{8BC9CEB8-8B4A-11D0-8D11-00A0C91BC942}") = "exam3", "exam3\exam3.vcxproj", "{A68EF2A3-2814-49C8-9C97-8B5AA3E7A542}"
EndProject
Project("{8BC9CEB8-8B4A-11D0-8D11-00A0C91BC942}") = "exam4", "exam4\exam4.vcxproj", "{3A76A521-8AE0-496F-9C44-1D93F36A39E1}"
EndProject
Project("{8BC9CEB8-8B4A-11D0-8D11-00A0C91BC942}") = "exam5", "exam5\exam5.vcxproj", "{2EE8A6A6-5F97-4151-AE54-A39124D607C1}"
EndProject
Project("{8BC9CEB8-8B4A-11D0-8D11-00A0C91BC942}") = "exam6", "exam6\exam6.vcxproj", "{800C4A8C-5993-4642-BB56-E607A7DE225E}"
EndProject
Project("{8BC9CEB8-8B4A-11D0-8D11-00A0C91BC942}") = "exam7", "exam7\exam7.vcxproj", "{2380FA32-D5E0-4E30-B456-30F1178B0D00}"
EndProject
Project("{8BC9CEB8-8B4A-11D0-8D11-00A0C91BC942}") = "exam8", "exam8\exam8.vcxproj", "{6EF140C6-CC53-4AC4-BAC9-A8E2EC57C1E1}"
EndProject
Project("{8BC9CEB8-8B4A-11D0-8D11-00A0C91BC942}") = "exam9", "exam9\exam9.vcxproj", "{C0972BDF-5081-4B66-8473-E016870675B6}"
EndProject
Project("{8BC9CEB8-8B4A-11D0-8D11-00A0C91BC942}") = "exam10", "exam10\exam10.vcxproj", "{CE4ADA0F-A32C-4BB6-86D8-ACDCBD037283}"
EndProject
Project("{8BC9CEB8-8B4A-11D0-8D11-00A0C91BC942}") = "exam11", "exam11\exam11.vcxproj", "{F5073017-21C6-470D-A62B-6DF85AAD54D5}"
EndProject
Project("{8BC9CEB8-8B4A-11D0-8D11-00A0C91BC942}") = "exam12", "exam12\exam12.vcxproj", "{1CEE5949-1E50-4BA7-814B-62E66B42DEFD}"
EndProject
Global
	GlobalSection(SolutionConfigurationPlatforms) = preSolution
		Debug|x64 = Debug|x64
		Debug|x86 = Debug|x86
		Release|x64 = Release|x64
		Release|x86 = Release|x86
	EndGlobalSection
	GlobalSection(ProjectConfigurationPlatforms) = postSolution
		{17D3D2B1-88D8-4A83-BC2F-9896CF57BF73}.Debug|x64.ActiveCfg = Debug|x64
		{17D3D2B1-88D8-4A83-BC2F-9896CF57BF73}.Debug|x64.Build.0 = Debug|x64
		{17D3D2B1-88D8-4A83-BC2F-9896CF57BF73}.Debug|x86.ActiveCfg = Debug|Win32
		{17D3D2B1-88D8-4A83-BC2F-9896CF57BF73}.Debug|x86.Build.0 = Debug|Win32
		{17D3D2B1-88D8-4A83-BC2F-9896CF57BF73}.Release|x64.ActiveCfg = Release|x64
		{17D3D2B1-88D8-4A83-BC2F-9896CF57BF73}.Release|x64.Build.0 = Release|x64
		{17D3D2B1-88D8-4A83-BC2F-9896CF57BF73}.Release|x86.ActiveCfg = Release|Win32
		{17D3D2B1-88D8-4A83-BC2F-9896CF57BF73}.Release|x86.Build.0 = Release|Win32
		{C679E6FB-29A4-47A5-B0A7-01FB6096C318}.Debug|x64.ActiveCfg = Debug|x64
		{C679E6FB-29A4-47A5-B0A7-01FB6096C318}.Debug|x64.Build.0 = Debug|x64
		{C679E6FB-29A4-47A5-B0A7-01FB6096C318}.Debug|x86.ActiveCfg = Debug|Win32
		{C679E6FB-29A4-47A5-B0A7-01FB6096C318}.Debug|x86.Build.0 = Debug|Win32
		{C679E6FB-29A4-47A5-B0A7-01FB6096C318}.Release|x64.ActiveCfg = Release|x64
		{C679E6FB-29A4-47A5-B0A7-01FB6096C318}.Release|x64.Build.0 = Release|x64
		{C679E6FB-29A4-47A5-B0A7-01FB6096C318}.Release|x86.ActiveCfg = Release|Win32
		{C679E6FB-29A4-47A5-B0A7-01FB6096C318}.Release|x86.Build.0 = Release|Win32
		{A68EF2A3-2814-49C8-9C97-8B5AA3E7A542}.Debug|x64.ActiveCfg = Debug|x64
		{A68EF2A3-2814-49C8-9C97-8B5AA3E7A542}.Debug|x64.Build.0 = Debug|x64
		{A68EF2A3-2814-49C8-9C97-8B5AA3E7A542}.Debug|x86.ActiveCfg = Debug|Win32
		{A68EF2A3-2814-49C8-9C97-8B5AA3E7A542}.Debug|x86.Build.0 = Debug|Win32
		{A68EF2A3-2814-49C8-9C97-8B5AA3E7A542}.Release|x64.ActiveCfg = Release|x64
		{A68EF2A3-2814-49C8-9C97-8B5AA3E7A542}.Release|x64.Build.0 = Release|x64
		{A68EF2A3-2814-49C8-9C97-8B5AA3E7A542}.Release|x86.ActiveCfg = Release|Win32
		{A68EF2A3-2814-49C8-9C97-8B5AA3E7A542}.Release|x86.Build.0 = Release|Win32
		{3A76A521-8AE0-496F-9C44-1D93F36A39E1}.Debug|x64.ActiveCfg = Debug|x64
		{3A76A521-8AE0-496F-9C44-1D93F36A39E1}.Debug|x64.Build.0 = Debug|x64
		{3A76A521-8AE0-496F-9C44-1D93F36A39E1}.Debug|x86.ActiveCfg = Debug|Win32
		{3A76A521-8AE0-496F-9C44-1D93F36A39E1}.Debug|x86.Build.0 = Debug|Win32
		{3A76A521-8AE0-496F-9C44-1D93F36A39E1}.Release|x64.ActiveCfg = Release|x64
		{3A76A521-8AE0-496F-9C44-1D93F36A39E1}.Release|x64.Build.0 = Release|x64
		{3A76A521-8AE0-496F-9C44-1D93F36A39E1}.Release|x86.ActiveCfg = Release|Win32
		{3A76A521-8AE0-496F-9C44-1D93F36A39E1}.Release|x86.Build.0 = Release|Win32
		{2EE8A6A6-5F97-4151-AE54-A39124D607C1}.Debug|x64.ActiveCfg = Debug|x64
		{2EE8A6A6-5F97-4151-AE54-A39124D607C1}.Debug|x64.Build.0 = Debug|x64
		{2EE8A6A6-5F97-4151-AE54-A39124D607C1}.Debug|x86.ActiveCfg = Debug|Win32
		{2EE8A6A6-5F97-4151-AE54-A39124D607C1}.Debug|x86.Build.0 = Debug|Win32
		{2EE8A6A6-5F97-4151-AE54-A39124D607C1}.Release|x64.ActiveCfg = Release|x64
		{2EE8A6A6-5F97-4151-AE54-A39124D607C1}.Release|x64.Build.0 = Release|x64
		{2EE8A6A6-5F97-4151-AE54-A39124D607C1}.Release|x86.ActiveCfg = Release|Win32
		{2EE8A6A6-5F97-4151-AE54-A39124D607C1}.Release|x86.Build.0 = Release|Win32
		{800C4A8C-5993-4642-BB56-E607A7DE225E}.Debug|x64.ActiveCfg = Debug|x64
		{800C4A8C-5993-4642-BB56-E607A7DE225E}.Debug|x64.Build.0 = Debug|x64
		{800C4A8C-5993-4642-BB56-E607A7DE225E}.Debug|x86.ActiveCfg = Debug|Win32
		{800C4A8C-5993-4642-BB56-E607A7DE225E}.Debug|x86.Build.0 = Debug|Win32
		{800C4A8C-5993-4642-BB56-E607A7DE225E}.Release|x64.ActiveCfg = Release|x64
		{800C4A8C-5993-4642-BB56-E607A7DE225E}.Release|x64.Build.0 = Release|x64
		{800C4A8C-5993-4642-BB56-E607A7DE225E}.Release|x86.ActiveCfg = Release|Win32
		{800C4A8C-5993-4642-BB56-E607A7DE225E}.Release|x86.Build.0 = Release|Win32
		{2380FA32-D5E0-4E30-B456-30F1178B0D00}.Debug|x64.ActiveCfg = Debug|x64
		{2380FA32-D5E0-4E30-B456-30F1178B0D00}.Debug|x64.Build.0 = Debug|x64
		{2380FA32-D5E0-4E30-B456-30F1178B0D00}.Debug|x86.ActiveCfg = Debug|Win32
		{2380FA32-D5E0-4E30-B456-30F1178B0D00}.Debug|x86.Build.0 = Debug|Win32
		{2380FA32-D5E0-4E30-B456-30F1178B0D00}.Release|x64.ActiveCfg = Release|x64
		{2380FA32-D5E0-4E30-B456-30F1178B0D00}.Release|x64.Build.0 = Release|x64
		{2380FA32-D5E0-4E30-B456-30F1178B0D00}.Release|x86.ActiveCfg = Release|Win32
		{2380FA32-D5E0-4E30-B456-30F1178B0D00}.Release|x86.Build.0 = Release|Win32
		{6EF140C6-CC53-4AC4-BAC9-A8E2EC57C1E1}.Debug|x64.ActiveCfg = Debug|x64
		{6EF140C6-CC53-4AC4-BAC9-A8E2EC57C1E1}.Debug|x64.Build.0 = Debug|x64
		{6EF140C6-CC53-4AC4-BAC9-A8E2EC57C1E1}.Debug|x86.ActiveCfg = Debug|Win32
		{6EF140C6-CC53-4AC4-BAC9-A8E2EC57C1E1}.Debug|x86.Build.0 = Debug|Win32
		{6EF140C6-CC53-4AC4-BAC9-A8E2EC57C1E1}.Release|x64.ActiveCfg = Release|x64
		{6EF140C6-CC53-4AC4-BAC9-A8E2EC57C1E1}.Release|x64.Build.0 = Release|x64
		{6EF140C6-CC53-4AC4-BAC9-A8E2EC57C1E1}.Release|x86.ActiveCfg = Release|Win32
		{6EF140C6-CC53-4AC4-BAC9-A8E2EC57C1E1}.Release|x86.Build.0 = Release|Win32
		{C0972BDF-5081-4B66-8473-E016870675B6}.Debug|x64.ActiveCfg = Debug|x64
		{C0972BDF-5081-4B66-8473-E016870675B6}.Debug|x64.Build.0 = Debug|x64
		{C0972BDF-5081-4B66-8473-E016870675B6}.Debug|x86.ActiveCfg = Debug|Win32
		{C0972BDF-5081-4B66-8473-E016870675B6}.Debug|x86.Build.0 = Debug|Win32
		{C0972BDF-5081-4B66-8473-E016870675B6}.Release|x64.ActiveCfg = Release|x64
		{C0972BDF-5081-4B66-8473-E016870675B6}.Release|x64.Build.0 = Release|x64
		{C0972BDF-5081-4B66-8473-E016870675B6}.Release|x86.ActiveCfg = Release|Win32
		{C0972BDF-5081-4B66-8473-E016870675B6}.Release|x86.Build.0 = Release|Win32
		{CE4ADA0F-A32C-4BB6-86D8-ACDCBD037283}.Debug|x64.ActiveCfg = Debug|x64
		{CE4ADA0F-A32C-4BB6-86D8-ACDCBD037283}.Debug|x64.Build.0 = Debug|x64
		{CE4ADA0F-A32C-4BB6-86D8-ACDCBD037283}.Debug|x86.ActiveCfg = Debug|Win32
		{CE4ADA0F-A32C-4BB6-86D8-ACDCBD037283}.Debug|x86.Build.0 = Debug|Win32
		{CE4ADA0F-A32C-4BB6-86D8-ACDCBD037283}.Release|x64.ActiveCfg = Release|x64
		{CE4ADA0F-A32C-4BB6-86D8-ACDCBD037283}.Release|x64.Build.0 = Release|x64
		{CE4ADA0F-A32C-4BB6-86D8-ACDCBD037283}.Release|x86.ActiveCfg = Release|Win32
		{CE4ADA0F-A32C-4BB6-86D8-ACDCBD037283}.Release|x86.Build.0 = Release|Win32
		{F5073017-21C6-470D-A62B-6DF85AAD54D5}.Debug|x64.ActiveCfg = Debug|x64
		{F5073017-21C6-470D-A62B-6DF85AAD54D5}.Debug|x64.Build.0 = Debug|x64
		{F5073017-21C6-470D-A62B-6DF85AAD54D5}.Debug|x86.ActiveCfg = Debug|Win32
		{F5073017-21C6-470D-A62B-6DF85AAD54D5}.Debug|x86.Build.0 = Debug|Win32
		{F5073017-21C6-470D-A62B-6DF85AAD54D5}.Release|x64.ActiveCfg = Release|x64
		{F5073017-21C6-470D-A62B-6DF85AAD54D5}.Release|x64.Build.0 = Release|x64
		{F5073017-21C6-470D-A62B-6DF85AAD54D5}.Release|x86.ActiveCfg = Release|Win32
		{F5073017-21C6-470D-A62B-6DF85AAD54D5}.Release|x86.Build.0 = Release|Win32
		{1CEE5949-1E50-4BA7-814B-62E66B42DEFD}.Debug|x64.ActiveCfg = Debug|x64
		{1CEE5949-1E50-4BA7-814B-62E66B42DEFD}.Debug|x64.Build.0 = Debug|x64
		{1CEE5949-1E50-4BA7-814B-62E66B42DEFD}.Debug|x86.ActiveCfg = Debug|Win32
		{1CEE5949-1E50-4BA7-814B-62E66B42DEFD}.Debug|x86.Build.0 = Debug|Win32
		{1CEE5949-1E50-4BA7-814B-62E66B42DEFD}.Release|x64.ActiveCfg = Release|x64
		{1CEE5949-1E50-4BA7-814B-62E66B42DEFD}.Release|x64.Build.0 = Release|x64
		{1CEE5949-1E50-4BA7-814B-62E66B42DEFD}.Release|x86.ActiveCfg = Release|Win32
		{1CEE5949-1E50-4BA7-814B-62E66B42DEFD}.Release|x86.Build.0 = Release|Win32
	EndGlobalSection
	GlobalSection(SolutionProperties) = preSolution
		HideSolutionNode = FALSE
	EndGlobalSection
	GlobalSection(ExtensibilityGlobals) = postSolution
		SolutionGuid = {954588B5-17E1-435A-ACF4-40ED9D1EBAB8}
	EndGlobalSection
EndGlobal
