
Microsoft Visual Studio Solution File, Format Version 12.00
# Visual Studio 15
VisualStudioVersion = 15.0.27703.2035
MinimumVisualStudioVersion = 10.0.40219.1
Project("{8BC9CEB8-8B4A-11D0-8D11-00A0C91BC942}") = "exam1", "exam1\exam1.vcxproj", "{FAEC7768-ACB1-400D-8A96-8BB325680DFB}"
EndProject
Project("{8BC9CEB8-8B4A-11D0-8D11-00A0C91BC942}") = "exam2", "exam2\exam2.vcxproj", "{20AAF005-B5EE-40A7-8174-2E5D18A17970}"
EndProject
Project("{8BC9CEB8-8B4A-11D0-8D11-00A0C91BC942}") = "exam3", "exam3\exam3.vcxproj", "{CFD6E553-669C-4141-A22A-0A22F1BC85B1}"
EndProject
Project("{8BC9CEB8-8B4A-11D0-8D11-00A0C91BC942}") = "exam4", "exam4\exam4.vcxproj", "{8349D0D6-113D-4B73-BF7E-DD6E422779E4}"
EndProject
Project("{8BC9CEB8-8B4A-11D0-8D11-00A0C91BC942}") = "exam5", "exam5\exam5.vcxproj", "{D8CBE887-D352-4B10-940F-998B65839F84}"
EndProject
Project("{8BC9CEB8-8B4A-11D0-8D11-00A0C91BC942}") = "exam6", "exam6\exam6.vcxproj", "{F5469C27-8108-4CC7-8528-E98F5DB12C08}"
EndProject
Project("{8BC9CEB8-8B4A-11D0-8D11-00A0C91BC942}") = "exam7", "exam7\exam7.vcxproj", "{546A3C81-09C1-4E88-9FCC-0507457794A5}"
EndProject
Project("{8BC9CEB8-8B4A-11D0-8D11-00A0C91BC942}") = "exam8", "exam8\exam8.vcxproj", "{8AC6A744-ABAC-4FC8-9C8B-B0911016B19B}"
EndProject
Project("{8BC9CEB8-8B4A-11D0-8D11-00A0C91BC942}") = "exam9", "exam9\exam9.vcxproj", "{A4B70AC6-482C-466C-ABB1-F3B91A09ED1F}"
EndProject
Project("{8BC9CEB8-8B4A-11D0-8D11-00A0C91BC942}") = "exam10", "exam10\exam10.vcxproj", "{F69A3EA4-8E8F-40E1-8DB2-6F62509FD555}"
EndProject
Project("{8BC9CEB8-8B4A-11D0-8D11-00A0C91BC942}") = "exam11", "exam11\exam11.vcxproj", "{40BE935A-C37E-4E63-B397-D6C06A9C5859}"
EndProject
Project("{8BC9CEB8-8B4A-11D0-8D11-00A0C91BC942}") = "exam12", "exam12\exam12.vcxproj", "{1E0DEB2E-B71E-4A41-B4BB-A99358C1B24C}"
EndProject
Project("{8BC9CEB8-8B4A-11D0-8D11-00A0C91BC942}") = "exam13", "exam13\exam13.vcxproj", "{3703F1E7-0674-4413-A1E1-1278A80394DF}"
EndProject
Project("{8BC9CEB8-8B4A-11D0-8D11-00A0C91BC942}") = "exam14", "exam14\exam14.vcxproj", "{C42C9C7F-0506-46C0-9543-2BD0ADF41BAE}"
EndProject
Project("{8BC9CEB8-8B4A-11D0-8D11-00A0C91BC942}") = "exam15", "exam15\exam15.vcxproj", "{696EE8F3-A44A-4872-B49A-305FDD576D72}"
EndProject
Global
	GlobalSection(SolutionConfigurationPlatforms) = preSolution
		Debug|x64 = Debug|x64
		Debug|x86 = Debug|x86
		Release|x64 = Release|x64
		Release|x86 = Release|x86
	EndGlobalSection
	GlobalSection(ProjectConfigurationPlatforms) = postSolution
		{FAEC7768-ACB1-400D-8A96-8BB325680DFB}.Debug|x64.ActiveCfg = Debug|x64
		{FAEC7768-ACB1-400D-8A96-8BB325680DFB}.Debug|x64.Build.0 = Debug|x64
		{FAEC7768-ACB1-400D-8A96-8BB325680DFB}.Debug|x86.ActiveCfg = Debug|Win32
		{FAEC7768-ACB1-400D-8A96-8BB325680DFB}.Debug|x86.Build.0 = Debug|Win32
		{FAEC7768-ACB1-400D-8A96-8BB325680DFB}.Release|x64.ActiveCfg = Release|x64
		{FAEC7768-ACB1-400D-8A96-8BB325680DFB}.Release|x64.Build.0 = Release|x64
		{FAEC7768-ACB1-400D-8A96-8BB325680DFB}.Release|x86.ActiveCfg = Release|Win32
		{FAEC7768-ACB1-400D-8A96-8BB325680DFB}.Release|x86.Build.0 = Release|Win32
		{20AAF005-B5EE-40A7-8174-2E5D18A17970}.Debug|x64.ActiveCfg = Debug|x64
		{20AAF005-B5EE-40A7-8174-2E5D18A17970}.Debug|x64.Build.0 = Debug|x64
		{20AAF005-B5EE-40A7-8174-2E5D18A17970}.Debug|x86.ActiveCfg = Debug|Win32
		{20AAF005-B5EE-40A7-8174-2E5D18A17970}.Debug|x86.Build.0 = Debug|Win32
		{20AAF005-B5EE-40A7-8174-2E5D18A17970}.Release|x64.ActiveCfg = Release|x64
		{20AAF005-B5EE-40A7-8174-2E5D18A17970}.Release|x64.Build.0 = Release|x64
		{20AAF005-B5EE-40A7-8174-2E5D18A17970}.Release|x86.ActiveCfg = Release|Win32
		{20AAF005-B5EE-40A7-8174-2E5D18A17970}.Release|x86.Build.0 = Release|Win32
		{CFD6E553-669C-4141-A22A-0A22F1BC85B1}.Debug|x64.ActiveCfg = Debug|x64
		{CFD6E553-669C-4141-A22A-0A22F1BC85B1}.Debug|x64.Build.0 = Debug|x64
		{CFD6E553-669C-4141-A22A-0A22F1BC85B1}.Debug|x86.ActiveCfg = Debug|Win32
		{CFD6E553-669C-4141-A22A-0A22F1BC85B1}.Debug|x86.Build.0 = Debug|Win32
		{CFD6E553-669C-4141-A22A-0A22F1BC85B1}.Release|x64.ActiveCfg = Release|x64
		{CFD6E553-669C-4141-A22A-0A22F1BC85B1}.Release|x64.Build.0 = Release|x64
		{CFD6E553-669C-4141-A22A-0A22F1BC85B1}.Release|x86.ActiveCfg = Release|Win32
		{CFD6E553-669C-4141-A22A-0A22F1BC85B1}.Release|x86.Build.0 = Release|Win32
		{8349D0D6-113D-4B73-BF7E-DD6E422779E4}.Debug|x64.ActiveCfg = Debug|x64
		{8349D0D6-113D-4B73-BF7E-DD6E422779E4}.Debug|x64.Build.0 = Debug|x64
		{8349D0D6-113D-4B73-BF7E-DD6E422779E4}.Debug|x86.ActiveCfg = Debug|Win32
		{8349D0D6-113D-4B73-BF7E-DD6E422779E4}.Debug|x86.Build.0 = Debug|Win32
		{8349D0D6-113D-4B73-BF7E-DD6E422779E4}.Release|x64.ActiveCfg = Release|x64
		{8349D0D6-113D-4B73-BF7E-DD6E422779E4}.Release|x64.Build.0 = Release|x64
		{8349D0D6-113D-4B73-BF7E-DD6E422779E4}.Release|x86.ActiveCfg = Release|Win32
		{8349D0D6-113D-4B73-BF7E-DD6E422779E4}.Release|x86.Build.0 = Release|Win32
		{D8CBE887-D352-4B10-940F-998B65839F84}.Debug|x64.ActiveCfg = Debug|x64
		{D8CBE887-D352-4B10-940F-998B65839F84}.Debug|x64.Build.0 = Debug|x64
		{D8CBE887-D352-4B10-940F-998B65839F84}.Debug|x86.ActiveCfg = Debug|Win32
		{D8CBE887-D352-4B10-940F-998B65839F84}.Debug|x86.Build.0 = Debug|Win32
		{D8CBE887-D352-4B10-940F-998B65839F84}.Release|x64.ActiveCfg = Release|x64
		{D8CBE887-D352-4B10-940F-998B65839F84}.Release|x64.Build.0 = Release|x64
		{D8CBE887-D352-4B10-940F-998B65839F84}.Release|x86.ActiveCfg = Release|Win32
		{D8CBE887-D352-4B10-940F-998B65839F84}.Release|x86.Build.0 = Release|Win32
		{F5469C27-8108-4CC7-8528-E98F5DB12C08}.Debug|x64.ActiveCfg = Debug|x64
		{F5469C27-8108-4CC7-8528-E98F5DB12C08}.Debug|x64.Build.0 = Debug|x64
		{F5469C27-8108-4CC7-8528-E98F5DB12C08}.Debug|x86.ActiveCfg = Debug|Win32
		{F5469C27-8108-4CC7-8528-E98F5DB12C08}.Debug|x86.Build.0 = Debug|Win32
		{F5469C27-8108-4CC7-8528-E98F5DB12C08}.Release|x64.ActiveCfg = Release|x64
		{F5469C27-8108-4CC7-8528-E98F5DB12C08}.Release|x64.Build.0 = Release|x64
		{F5469C27-8108-4CC7-8528-E98F5DB12C08}.Release|x86.ActiveCfg = Release|Win32
		{F5469C27-8108-4CC7-8528-E98F5DB12C08}.Release|x86.Build.0 = Release|Win32
		{546A3C81-09C1-4E88-9FCC-0507457794A5}.Debug|x64.ActiveCfg = Debug|x64
		{546A3C81-09C1-4E88-9FCC-0507457794A5}.Debug|x64.Build.0 = Debug|x64
		{546A3C81-09C1-4E88-9FCC-0507457794A5}.Debug|x86.ActiveCfg = Debug|Win32
		{546A3C81-09C1-4E88-9FCC-0507457794A5}.Debug|x86.Build.0 = Debug|Win32
		{546A3C81-09C1-4E88-9FCC-0507457794A5}.Release|x64.ActiveCfg = Release|x64
		{546A3C81-09C1-4E88-9FCC-0507457794A5}.Release|x64.Build.0 = Release|x64
		{546A3C81-09C1-4E88-9FCC-0507457794A5}.Release|x86.ActiveCfg = Release|Win32
		{546A3C81-09C1-4E88-9FCC-0507457794A5}.Release|x86.Build.0 = Release|Win32
		{8AC6A744-ABAC-4FC8-9C8B-B0911016B19B}.Debug|x64.ActiveCfg = Debug|x64
		{8AC6A744-ABAC-4FC8-9C8B-B0911016B19B}.Debug|x64.Build.0 = Debug|x64
		{8AC6A744-ABAC-4FC8-9C8B-B0911016B19B}.Debug|x86.ActiveCfg = Debug|Win32
		{8AC6A744-ABAC-4FC8-9C8B-B0911016B19B}.Debug|x86.Build.0 = Debug|Win32
		{8AC6A744-ABAC-4FC8-9C8B-B0911016B19B}.Release|x64.ActiveCfg = Release|x64
		{8AC6A744-ABAC-4FC8-9C8B-B0911016B19B}.Release|x64.Build.0 = Release|x64
		{8AC6A744-ABAC-4FC8-9C8B-B0911016B19B}.Release|x86.ActiveCfg = Release|Win32
		{8AC6A744-ABAC-4FC8-9C8B-B0911016B19B}.Release|x86.Build.0 = Release|Win32
		{A4B70AC6-482C-466C-ABB1-F3B91A09ED1F}.Debug|x64.ActiveCfg = Debug|x64
		{A4B70AC6-482C-466C-ABB1-F3B91A09ED1F}.Debug|x64.Build.0 = Debug|x64
		{A4B70AC6-482C-466C-ABB1-F3B91A09ED1F}.Debug|x86.ActiveCfg = Debug|Win32
		{A4B70AC6-482C-466C-ABB1-F3B91A09ED1F}.Debug|x86.Build.0 = Debug|Win32
		{A4B70AC6-482C-466C-ABB1-F3B91A09ED1F}.Release|x64.ActiveCfg = Release|x64
		{A4B70AC6-482C-466C-ABB1-F3B91A09ED1F}.Release|x64.Build.0 = Release|x64
		{A4B70AC6-482C-466C-ABB1-F3B91A09ED1F}.Release|x86.ActiveCfg = Release|Win32
		{A4B70AC6-482C-466C-ABB1-F3B91A09ED1F}.Release|x86.Build.0 = Release|Win32
		{F69A3EA4-8E8F-40E1-8DB2-6F62509FD555}.Debug|x64.ActiveCfg = Debug|x64
		{F69A3EA4-8E8F-40E1-8DB2-6F62509FD555}.Debug|x64.Build.0 = Debug|x64
		{F69A3EA4-8E8F-40E1-8DB2-6F62509FD555}.Debug|x86.ActiveCfg = Debug|Win32
		{F69A3EA4-8E8F-40E1-8DB2-6F62509FD555}.Debug|x86.Build.0 = Debug|Win32
		{F69A3EA4-8E8F-40E1-8DB2-6F62509FD555}.Release|x64.ActiveCfg = Release|x64
		{F69A3EA4-8E8F-40E1-8DB2-6F62509FD555}.Release|x64.Build.0 = Release|x64
		{F69A3EA4-8E8F-40E1-8DB2-6F62509FD555}.Release|x86.ActiveCfg = Release|Win32
		{F69A3EA4-8E8F-40E1-8DB2-6F62509FD555}.Release|x86.Build.0 = Release|Win32
		{40BE935A-C37E-4E63-B397-D6C06A9C5859}.Debug|x64.ActiveCfg = Debug|x64
		{40BE935A-C37E-4E63-B397-D6C06A9C5859}.Debug|x64.Build.0 = Debug|x64
		{40BE935A-C37E-4E63-B397-D6C06A9C5859}.Debug|x86.ActiveCfg = Debug|Win32
		{40BE935A-C37E-4E63-B397-D6C06A9C5859}.Debug|x86.Build.0 = Debug|Win32
		{40BE935A-C37E-4E63-B397-D6C06A9C5859}.Release|x64.ActiveCfg = Release|x64
		{40BE935A-C37E-4E63-B397-D6C06A9C5859}.Release|x64.Build.0 = Release|x64
		{40BE935A-C37E-4E63-B397-D6C06A9C5859}.Release|x86.ActiveCfg = Release|Win32
		{40BE935A-C37E-4E63-B397-D6C06A9C5859}.Release|x86.Build.0 = Release|Win32
		{1E0DEB2E-B71E-4A41-B4BB-A99358C1B24C}.Debug|x64.ActiveCfg = Debug|x64
		{1E0DEB2E-B71E-4A41-B4BB-A99358C1B24C}.Debug|x64.Build.0 = Debug|x64
		{1E0DEB2E-B71E-4A41-B4BB-A99358C1B24C}.Debug|x86.ActiveCfg = Debug|Win32
		{1E0DEB2E-B71E-4A41-B4BB-A99358C1B24C}.Debug|x86.Build.0 = Debug|Win32
		{1E0DEB2E-B71E-4A41-B4BB-A99358C1B24C}.Release|x64.ActiveCfg = Release|x64
		{1E0DEB2E-B71E-4A41-B4BB-A99358C1B24C}.Release|x64.Build.0 = Release|x64
		{1E0DEB2E-B71E-4A41-B4BB-A99358C1B24C}.Release|x86.ActiveCfg = Release|Win32
		{1E0DEB2E-B71E-4A41-B4BB-A99358C1B24C}.Release|x86.Build.0 = Release|Win32
		{3703F1E7-0674-4413-A1E1-1278A80394DF}.Debug|x64.ActiveCfg = Debug|x64
		{3703F1E7-0674-4413-A1E1-1278A80394DF}.Debug|x64.Build.0 = Debug|x64
		{3703F1E7-0674-4413-A1E1-1278A80394DF}.Debug|x86.ActiveCfg = Debug|Win32
		{3703F1E7-0674-4413-A1E1-1278A80394DF}.Debug|x86.Build.0 = Debug|Win32
		{3703F1E7-0674-4413-A1E1-1278A80394DF}.Release|x64.ActiveCfg = Release|x64
		{3703F1E7-0674-4413-A1E1-1278A80394DF}.Release|x64.Build.0 = Release|x64
		{3703F1E7-0674-4413-A1E1-1278A80394DF}.Release|x86.ActiveCfg = Release|Win32
		{3703F1E7-0674-4413-A1E1-1278A80394DF}.Release|x86.Build.0 = Release|Win32
		{C42C9C7F-0506-46C0-9543-2BD0ADF41BAE}.Debug|x64.ActiveCfg = Debug|x64
		{C42C9C7F-0506-46C0-9543-2BD0ADF41BAE}.Debug|x64.Build.0 = Debug|x64
		{C42C9C7F-0506-46C0-9543-2BD0ADF41BAE}.Debug|x86.ActiveCfg = Debug|Win32
		{C42C9C7F-0506-46C0-9543-2BD0ADF41BAE}.Debug|x86.Build.0 = Debug|Win32
		{C42C9C7F-0506-46C0-9543-2BD0ADF41BAE}.Release|x64.ActiveCfg = Release|x64
		{C42C9C7F-0506-46C0-9543-2BD0ADF41BAE}.Release|x64.Build.0 = Release|x64
		{C42C9C7F-0506-46C0-9543-2BD0ADF41BAE}.Release|x86.ActiveCfg = Release|Win32
		{C42C9C7F-0506-46C0-9543-2BD0ADF41BAE}.Release|x86.Build.0 = Release|Win32
		{696EE8F3-A44A-4872-B49A-305FDD576D72}.Debug|x64.ActiveCfg = Debug|x64
		{696EE8F3-A44A-4872-B49A-305FDD576D72}.Debug|x64.Build.0 = Debug|x64
		{696EE8F3-A44A-4872-B49A-305FDD576D72}.Debug|x86.ActiveCfg = Debug|Win32
		{696EE8F3-A44A-4872-B49A-305FDD576D72}.Debug|x86.Build.0 = Debug|Win32
		{696EE8F3-A44A-4872-B49A-305FDD576D72}.Release|x64.ActiveCfg = Release|x64
		{696EE8F3-A44A-4872-B49A-305FDD576D72}.Release|x64.Build.0 = Release|x64
		{696EE8F3-A44A-4872-B49A-305FDD576D72}.Release|x86.ActiveCfg = Release|Win32
		{696EE8F3-A44A-4872-B49A-305FDD576D72}.Release|x86.Build.0 = Release|Win32
	EndGlobalSection
	GlobalSection(SolutionProperties) = preSolution
		HideSolutionNode = FALSE
	EndGlobalSection
	GlobalSection(ExtensibilityGlobals) = postSolution
		SolutionGuid = {73DF0C7A-4B8A-42A6-B804-6B9A04D544DA}
	EndGlobalSection
EndGlobal
