
Microsoft Visual Studio Solution File, Format Version 12.00
# Visual Studio 15
VisualStudioVersion = 15.0.27703.2035
MinimumVisualStudioVersion = 10.0.40219.1
Project("{8BC9CEB8-8B4A-11D0-8D11-00A0C91BC942}") = "exam1", "exam1\exam1.vcxproj", "{4AEBDD0B-68B0-468B-BBDC-7E46E860C722}"
EndProject
Project("{8BC9CEB8-8B4A-11D0-8D11-00A0C91BC942}") = "exam2", "exam2\exam2.vcxproj", "{3E307E59-6FFA-407D-872F-065566B9CB57}"
EndProject
Project("{8BC9CEB8-8B4A-11D0-8D11-00A0C91BC942}") = "exam3", "exam3\exam3.vcxproj", "{414C1508-E40F-47F6-8468-C055FCC54FD7}"
EndProject
Project("{8BC9CEB8-8B4A-11D0-8D11-00A0C91BC942}") = "exam4", "exam4\exam4.vcxproj", "{DAEF0449-0BA6-4A4C-9AC3-D6F1097CD937}"
EndProject
Project("{8BC9CEB8-8B4A-11D0-8D11-00A0C91BC942}") = "exam5", "exam5\exam5.vcxproj", "{207604F8-6A86-4E8B-AB60-A7069F84B820}"
EndProject
Project("{8BC9CEB8-8B4A-11D0-8D11-00A0C91BC942}") = "exam6", "exam6\exam6.vcxproj", "{E282026F-7110-48F7-B738-EFA36703CC99}"
EndProject
Project("{8BC9CEB8-8B4A-11D0-8D11-00A0C91BC942}") = "exam7", "exam7\exam7.vcxproj", "{60C0C5A8-4755-45E4-A554-6571E826060F}"
EndProject
Project("{8BC9CEB8-8B4A-11D0-8D11-00A0C91BC942}") = "exam8", "exam8\exam8.vcxproj", "{3C161B30-60DB-4145-BBD2-5617FDAE6C70}"
EndProject
Project("{8BC9CEB8-8B4A-11D0-8D11-00A0C91BC942}") = "exam9", "exam9\exam9.vcxproj", "{3C72FF5A-3F8E-45BF-A517-B712018FD180}"
EndProject
Project("{8BC9CEB8-8B4A-11D0-8D11-00A0C91BC942}") = "exam10", "exam10\exam10.vcxproj", "{558D3BDA-33D1-4A53-9398-57B94A451D13}"
EndProject
Project("{8BC9CEB8-8B4A-11D0-8D11-00A0C91BC942}") = "exam11", "exam11\exam11.vcxproj", "{18CC7F82-7E16-4B2C-AD1E-3536DAC359A1}"
EndProject
Project("{8BC9CEB8-8B4A-11D0-8D11-00A0C91BC942}") = "exam12", "exam12\exam12.vcxproj", "{BC2588FD-5CEB-4838-B1BE-FA0919347F73}"
EndProject
Global
	GlobalSection(SolutionConfigurationPlatforms) = preSolution
		Debug|x64 = Debug|x64
		Debug|x86 = Debug|x86
		Release|x64 = Release|x64
		Release|x86 = Release|x86
	EndGlobalSection
	GlobalSection(ProjectConfigurationPlatforms) = postSolution
		{4AEBDD0B-68B0-468B-BBDC-7E46E860C722}.Debug|x64.ActiveCfg = Debug|x64
		{4AEBDD0B-68B0-468B-BBDC-7E46E860C722}.Debug|x64.Build.0 = Debug|x64
		{4AEBDD0B-68B0-468B-BBDC-7E46E860C722}.Debug|x86.ActiveCfg = Debug|Win32
		{4AEBDD0B-68B0-468B-BBDC-7E46E860C722}.Debug|x86.Build.0 = Debug|Win32
		{4AEBDD0B-68B0-468B-BBDC-7E46E860C722}.Release|x64.ActiveCfg = Release|x64
		{4AEBDD0B-68B0-468B-BBDC-7E46E860C722}.Release|x64.Build.0 = Release|x64
		{4AEBDD0B-68B0-468B-BBDC-7E46E860C722}.Release|x86.ActiveCfg = Release|Win32
		{4AEBDD0B-68B0-468B-BBDC-7E46E860C722}.Release|x86.Build.0 = Release|Win32
		{3E307E59-6FFA-407D-872F-065566B9CB57}.Debug|x64.ActiveCfg = Debug|x64
		{3E307E59-6FFA-407D-872F-065566B9CB57}.Debug|x64.Build.0 = Debug|x64
		{3E307E59-6FFA-407D-872F-065566B9CB57}.Debug|x86.ActiveCfg = Debug|Win32
		{3E307E59-6FFA-407D-872F-065566B9CB57}.Debug|x86.Build.0 = Debug|Win32
		{3E307E59-6FFA-407D-872F-065566B9CB57}.Release|x64.ActiveCfg = Release|x64
		{3E307E59-6FFA-407D-872F-065566B9CB57}.Release|x64.Build.0 = Release|x64
		{3E307E59-6FFA-407D-872F-065566B9CB57}.Release|x86.ActiveCfg = Release|Win32
		{3E307E59-6FFA-407D-872F-065566B9CB57}.Release|x86.Build.0 = Release|Win32
		{414C1508-E40F-47F6-8468-C055FCC54FD7}.Debug|x64.ActiveCfg = Debug|x64
		{414C1508-E40F-47F6-8468-C055FCC54FD7}.Debug|x64.Build.0 = Debug|x64
		{414C1508-E40F-47F6-8468-C055FCC54FD7}.Debug|x86.ActiveCfg = Debug|Win32
		{414C1508-E40F-47F6-8468-C055FCC54FD7}.Debug|x86.Build.0 = Debug|Win32
		{414C1508-E40F-47F6-8468-C055FCC54FD7}.Release|x64.ActiveCfg = Release|x64
		{414C1508-E40F-47F6-8468-C055FCC54FD7}.Release|x64.Build.0 = Release|x64
		{414C1508-E40F-47F6-8468-C055FCC54FD7}.Release|x86.ActiveCfg = Release|Win32
		{414C1508-E40F-47F6-8468-C055FCC54FD7}.Release|x86.Build.0 = Release|Win32
		{DAEF0449-0BA6-4A4C-9AC3-D6F1097CD937}.Debug|x64.ActiveCfg = Debug|x64
		{DAEF0449-0BA6-4A4C-9AC3-D6F1097CD937}.Debug|x64.Build.0 = Debug|x64
		{DAEF0449-0BA6-4A4C-9AC3-D6F1097CD937}.Debug|x86.ActiveCfg = Debug|Win32
		{DAEF0449-0BA6-4A4C-9AC3-D6F1097CD937}.Debug|x86.Build.0 = Debug|Win32
		{DAEF0449-0BA6-4A4C-9AC3-D6F1097CD937}.Release|x64.ActiveCfg = Release|x64
		{DAEF0449-0BA6-4A4C-9AC3-D6F1097CD937}.Release|x64.Build.0 = Release|x64
		{DAEF0449-0BA6-4A4C-9AC3-D6F1097CD937}.Release|x86.ActiveCfg = Release|Win32
		{DAEF0449-0BA6-4A4C-9AC3-D6F1097CD937}.Release|x86.Build.0 = Release|Win32
		{207604F8-6A86-4E8B-AB60-A7069F84B820}.Debug|x64.ActiveCfg = Debug|x64
		{207604F8-6A86-4E8B-AB60-A7069F84B820}.Debug|x64.Build.0 = Debug|x64
		{207604F8-6A86-4E8B-AB60-A7069F84B820}.Debug|x86.ActiveCfg = Debug|Win32
		{207604F8-6A86-4E8B-AB60-A7069F84B820}.Debug|x86.Build.0 = Debug|Win32
		{207604F8-6A86-4E8B-AB60-A7069F84B820}.Release|x64.ActiveCfg = Release|x64
		{207604F8-6A86-4E8B-AB60-A7069F84B820}.Release|x64.Build.0 = Release|x64
		{207604F8-6A86-4E8B-AB60-A7069F84B820}.Release|x86.ActiveCfg = Release|Win32
		{207604F8-6A86-4E8B-AB60-A7069F84B820}.Release|x86.Build.0 = Release|Win32
		{E282026F-7110-48F7-B738-EFA36703CC99}.Debug|x64.ActiveCfg = Debug|x64
		{E282026F-7110-48F7-B738-EFA36703CC99}.Debug|x64.Build.0 = Debug|x64
		{E282026F-7110-48F7-B738-EFA36703CC99}.Debug|x86.ActiveCfg = Debug|Win32
		{E282026F-7110-48F7-B738-EFA36703CC99}.Debug|x86.Build.0 = Debug|Win32
		{E282026F-7110-48F7-B738-EFA36703CC99}.Release|x64.ActiveCfg = Release|x64
		{E282026F-7110-48F7-B738-EFA36703CC99}.Release|x64.Build.0 = Release|x64
		{E282026F-7110-48F7-B738-EFA36703CC99}.Release|x86.ActiveCfg = Release|Win32
		{E282026F-7110-48F7-B738-EFA36703CC99}.Release|x86.Build.0 = Release|Win32
		{60C0C5A8-4755-45E4-A554-6571E826060F}.Debug|x64.ActiveCfg = Debug|x64
		{60C0C5A8-4755-45E4-A554-6571E826060F}.Debug|x64.Build.0 = Debug|x64
		{60C0C5A8-4755-45E4-A554-6571E826060F}.Debug|x86.ActiveCfg = Debug|Win32
		{60C0C5A8-4755-45E4-A554-6571E826060F}.Debug|x86.Build.0 = Debug|Win32
		{60C0C5A8-4755-45E4-A554-6571E826060F}.Release|x64.ActiveCfg = Release|x64
		{60C0C5A8-4755-45E4-A554-6571E826060F}.Release|x64.Build.0 = Release|x64
		{60C0C5A8-4755-45E4-A554-6571E826060F}.Release|x86.ActiveCfg = Release|Win32
		{60C0C5A8-4755-45E4-A554-6571E826060F}.Release|x86.Build.0 = Release|Win32
		{3C161B30-60DB-4145-BBD2-5617FDAE6C70}.Debug|x64.ActiveCfg = Debug|x64
		{3C161B30-60DB-4145-BBD2-5617FDAE6C70}.Debug|x64.Build.0 = Debug|x64
		{3C161B30-60DB-4145-BBD2-5617FDAE6C70}.Debug|x86.ActiveCfg = Debug|Win32
		{3C161B30-60DB-4145-BBD2-5617FDAE6C70}.Debug|x86.Build.0 = Debug|Win32
		{3C161B30-60DB-4145-BBD2-5617FDAE6C70}.Release|x64.ActiveCfg = Release|x64
		{3C161B30-60DB-4145-BBD2-5617FDAE6C70}.Release|x64.Build.0 = Release|x64
		{3C161B30-60DB-4145-BBD2-5617FDAE6C70}.Release|x86.ActiveCfg = Release|Win32
		{3C161B30-60DB-4145-BBD2-5617FDAE6C70}.Release|x86.Build.0 = Release|Win32
		{3C72FF5A-3F8E-45BF-A517-B712018FD180}.Debug|x64.ActiveCfg = Debug|x64
		{3C72FF5A-3F8E-45BF-A517-B712018FD180}.Debug|x64.Build.0 = Debug|x64
		{3C72FF5A-3F8E-45BF-A517-B712018FD180}.Debug|x86.ActiveCfg = Debug|Win32
		{3C72FF5A-3F8E-45BF-A517-B712018FD180}.Debug|x86.Build.0 = Debug|Win32
		{3C72FF5A-3F8E-45BF-A517-B712018FD180}.Release|x64.ActiveCfg = Release|x64
		{3C72FF5A-3F8E-45BF-A517-B712018FD180}.Release|x64.Build.0 = Release|x64
		{3C72FF5A-3F8E-45BF-A517-B712018FD180}.Release|x86.ActiveCfg = Release|Win32
		{3C72FF5A-3F8E-45BF-A517-B712018FD180}.Release|x86.Build.0 = Release|Win32
		{558D3BDA-33D1-4A53-9398-57B94A451D13}.Debug|x64.ActiveCfg = Debug|x64
		{558D3BDA-33D1-4A53-9398-57B94A451D13}.Debug|x64.Build.0 = Debug|x64
		{558D3BDA-33D1-4A53-9398-57B94A451D13}.Debug|x86.ActiveCfg = Debug|Win32
		{558D3BDA-33D1-4A53-9398-57B94A451D13}.Debug|x86.Build.0 = Debug|Win32
		{558D3BDA-33D1-4A53-9398-57B94A451D13}.Release|x64.ActiveCfg = Release|x64
		{558D3BDA-33D1-4A53-9398-57B94A451D13}.Release|x64.Build.0 = Release|x64
		{558D3BDA-33D1-4A53-9398-57B94A451D13}.Release|x86.ActiveCfg = Release|Win32
		{558D3BDA-33D1-4A53-9398-57B94A451D13}.Release|x86.Build.0 = Release|Win32
		{18CC7F82-7E16-4B2C-AD1E-3536DAC359A1}.Debug|x64.ActiveCfg = Debug|x64
		{18CC7F82-7E16-4B2C-AD1E-3536DAC359A1}.Debug|x64.Build.0 = Debug|x64
		{18CC7F82-7E16-4B2C-AD1E-3536DAC359A1}.Debug|x86.ActiveCfg = Debug|Win32
		{18CC7F82-7E16-4B2C-AD1E-3536DAC359A1}.Debug|x86.Build.0 = Debug|Win32
		{18CC7F82-7E16-4B2C-AD1E-3536DAC359A1}.Release|x64.ActiveCfg = Release|x64
		{18CC7F82-7E16-4B2C-AD1E-3536DAC359A1}.Release|x64.Build.0 = Release|x64
		{18CC7F82-7E16-4B2C-AD1E-3536DAC359A1}.Release|x86.ActiveCfg = Release|Win32
		{18CC7F82-7E16-4B2C-AD1E-3536DAC359A1}.Release|x86.Build.0 = Release|Win32
		{BC2588FD-5CEB-4838-B1BE-FA0919347F73}.Debug|x64.ActiveCfg = Debug|x64
		{BC2588FD-5CEB-4838-B1BE-FA0919347F73}.Debug|x64.Build.0 = Debug|x64
		{BC2588FD-5CEB-4838-B1BE-FA0919347F73}.Debug|x86.ActiveCfg = Debug|Win32
		{BC2588FD-5CEB-4838-B1BE-FA0919347F73}.Debug|x86.Build.0 = Debug|Win32
		{BC2588FD-5CEB-4838-B1BE-FA0919347F73}.Release|x64.ActiveCfg = Release|x64
		{BC2588FD-5CEB-4838-B1BE-FA0919347F73}.Release|x64.Build.0 = Release|x64
		{BC2588FD-5CEB-4838-B1BE-FA0919347F73}.Release|x86.ActiveCfg = Release|Win32
		{BC2588FD-5CEB-4838-B1BE-FA0919347F73}.Release|x86.Build.0 = Release|Win32
	EndGlobalSection
	GlobalSection(SolutionProperties) = preSolution
		HideSolutionNode = FALSE
	EndGlobalSection
	GlobalSection(ExtensibilityGlobals) = postSolution
		SolutionGuid = {950217E3-D71F-4BBF-B0D8-8A0D83DBE46E}
	EndGlobalSection
EndGlobal
