
Microsoft Visual Studio Solution File, Format Version 12.00
# Visual Studio 15
VisualStudioVersion = 15.0.27703.2035
MinimumVisualStudioVersion = 10.0.40219.1
Project("{8BC9CEB8-8B4A-11D0-8D11-00A0C91BC942}") = "day17", "day17\day17.vcxproj", "{0A7688C6-DE63-4C76-B67C-945B60D4E4DC}"
EndProject
Project("{8BC9CEB8-8B4A-11D0-8D11-00A0C91BC942}") = "exam1_ailenGame", "exam1_ailenGame\exam1_ailenGame.vcxproj", "{666DE442-165C-41BA-8BB8-75A8FC8D815E}"
EndProject
Global
	GlobalSection(SolutionConfigurationPlatforms) = preSolution
		Debug|x64 = Debug|x64
		Debug|x86 = Debug|x86
		Release|x64 = Release|x64
		Release|x86 = Release|x86
	EndGlobalSection
	GlobalSection(ProjectConfigurationPlatforms) = postSolution
		{0A7688C6-DE63-4C76-B67C-945B60D4E4DC}.Debug|x64.ActiveCfg = Debug|x64
		{0A7688C6-DE63-4C76-B67C-945B60D4E4DC}.Debug|x64.Build.0 = Debug|x64
		{0A7688C6-DE63-4C76-B67C-945B60D4E4DC}.Debug|x86.ActiveCfg = Debug|Win32
		{0A7688C6-DE63-4C76-B67C-945B60D4E4DC}.Debug|x86.Build.0 = Debug|Win32
		{0A7688C6-DE63-4C76-B67C-945B60D4E4DC}.Release|x64.ActiveCfg = Release|x64
		{0A7688C6-DE63-4C76-B67C-945B60D4E4DC}.Release|x64.Build.0 = Release|x64
		{0A7688C6-DE63-4C76-B67C-945B60D4E4DC}.Release|x86.ActiveCfg = Release|Win32
		{0A7688C6-DE63-4C76-B67C-945B60D4E4DC}.Release|x86.Build.0 = Release|Win32
		{666DE442-165C-41BA-8BB8-75A8FC8D815E}.Debug|x64.ActiveCfg = Debug|x64
		{666DE442-165C-41BA-8BB8-75A8FC8D815E}.Debug|x64.Build.0 = Debug|x64
		{666DE442-165C-41BA-8BB8-75A8FC8D815E}.Debug|x86.ActiveCfg = Debug|Win32
		{666DE442-165C-41BA-8BB8-75A8FC8D815E}.Debug|x86.Build.0 = Debug|Win32
		{666DE442-165C-41BA-8BB8-75A8FC8D815E}.Release|x64.ActiveCfg = Release|x64
		{666DE442-165C-41BA-8BB8-75A8FC8D815E}.Release|x64.Build.0 = Release|x64
		{666DE442-165C-41BA-8BB8-75A8FC8D815E}.Release|x86.ActiveCfg = Release|Win32
		{666DE442-165C-41BA-8BB8-75A8FC8D815E}.Release|x86.Build.0 = Release|Win32
	EndGlobalSection
	GlobalSection(SolutionProperties) = preSolution
		HideSolutionNode = FALSE
	EndGlobalSection
	GlobalSection(ExtensibilityGlobals) = postSolution
		SolutionGuid = {9C27D25C-DE01-42C6-BE02-2C200FDEFAE4}
	EndGlobalSection
EndGlobal
