
Microsoft Visual Studio Solution File, Format Version 12.00
# Visual Studio 15
VisualStudioVersion = 15.0.27703.2035
MinimumVisualStudioVersion = 10.0.40219.1
Project("{8BC9CEB8-8B4A-11D0-8D11-00A0C91BC942}") = "exam1", "exam1\exam1.vcxproj", "{E8AB336D-2B52-4E57-95CD-1C04DE6CA590}"
EndProject
Project("{8BC9CEB8-8B4A-11D0-8D11-00A0C91BC942}") = "exam2", "exam2\exam2.vcxproj", "{711C9C95-9662-4CE0-A2DC-325996252739}"
EndProject
Project("{8BC9CEB8-8B4A-11D0-8D11-00A0C91BC942}") = "exam4", "exam4\exam4.vcxproj", "{40EFB034-7927-4B50-AE32-3281A75B560B}"
EndProject
Project("{8BC9CEB8-8B4A-11D0-8D11-00A0C91BC942}") = "exam3", "exam3\exam3.vcxproj", "{51F75260-D3E2-441E-B99F-0F37E2A493F6}"
EndProject
Project("{8BC9CEB8-8B4A-11D0-8D11-00A0C91BC942}") = "exam5", "exam5\exam5.vcxproj", "{3F4D64AC-4B3A-446B-8F1B-EB9CDE3D4462}"
EndProject
Project("{8BC9CEB8-8B4A-11D0-8D11-00A0C91BC942}") = "exam6", "exam6\exam6.vcxproj", "{CE768751-7CAC-477A-BCD4-85F468F6F18D}"
EndProject
Project("{8BC9CEB8-8B4A-11D0-8D11-00A0C91BC942}") = "exam7", "exam7\exam7.vcxproj", "{69427EB4-F074-4F5C-9A99-CEEDD429F510}"
EndProject
Project("{8BC9CEB8-8B4A-11D0-8D11-00A0C91BC942}") = "exam8", "exam8\exam8.vcxproj", "{581EE665-5A86-439C-9683-F32B4757638D}"
EndProject
Project("{8BC9CEB8-8B4A-11D0-8D11-00A0C91BC942}") = "exam9", "exam9\exam9.vcxproj", "{C9746423-9D29-45A4-8197-F65C70251403}"
EndProject
Project("{8BC9CEB8-8B4A-11D0-8D11-00A0C91BC942}") = "exam10", "exam10\exam10.vcxproj", "{AE807047-95FC-46FD-A71A-D75ADF0E20E7}"
EndProject
Project("{8BC9CEB8-8B4A-11D0-8D11-00A0C91BC942}") = "exam11", "exam11\exam11.vcxproj", "{3B1C72E1-52CD-42C8-A6A3-6834CA4648D2}"
EndProject
Project("{8BC9CEB8-8B4A-11D0-8D11-00A0C91BC942}") = "exam12", "exam12\exam12.vcxproj", "{EF22FAF1-0A8C-4123-BC94-903BB77B6FDA}"
EndProject
Project("{8BC9CEB8-8B4A-11D0-8D11-00A0C91BC942}") = "exam13", "exam13\exam13.vcxproj", "{FDEBD2BB-76DE-40F5-82A9-4B2703422C64}"
EndProject
Project("{8BC9CEB8-8B4A-11D0-8D11-00A0C91BC942}") = "exam14", "exam14\exam14.vcxproj", "{1E5BFCCF-BB30-4A67-A718-DE5A66D95A84}"
EndProject
Project("{8BC9CEB8-8B4A-11D0-8D11-00A0C91BC942}") = "exam15", "exam15\exam15.vcxproj", "{0DE0E72F-C646-4174-B93B-310C92D2DFC9}"
EndProject
Global
	GlobalSection(SolutionConfigurationPlatforms) = preSolution
		Debug|x64 = Debug|x64
		Debug|x86 = Debug|x86
		Release|x64 = Release|x64
		Release|x86 = Release|x86
	EndGlobalSection
	GlobalSection(ProjectConfigurationPlatforms) = postSolution
		{E8AB336D-2B52-4E57-95CD-1C04DE6CA590}.Debug|x64.ActiveCfg = Debug|x64
		{E8AB336D-2B52-4E57-95CD-1C04DE6CA590}.Debug|x64.Build.0 = Debug|x64
		{E8AB336D-2B52-4E57-95CD-1C04DE6CA590}.Debug|x86.ActiveCfg = Debug|Win32
		{E8AB336D-2B52-4E57-95CD-1C04DE6CA590}.Debug|x86.Build.0 = Debug|Win32
		{E8AB336D-2B52-4E57-95CD-1C04DE6CA590}.Release|x64.ActiveCfg = Release|x64
		{E8AB336D-2B52-4E57-95CD-1C04DE6CA590}.Release|x64.Build.0 = Release|x64
		{E8AB336D-2B52-4E57-95CD-1C04DE6CA590}.Release|x86.ActiveCfg = Release|Win32
		{E8AB336D-2B52-4E57-95CD-1C04DE6CA590}.Release|x86.Build.0 = Release|Win32
		{711C9C95-9662-4CE0-A2DC-325996252739}.Debug|x64.ActiveCfg = Debug|x64
		{711C9C95-9662-4CE0-A2DC-325996252739}.Debug|x64.Build.0 = Debug|x64
		{711C9C95-9662-4CE0-A2DC-325996252739}.Debug|x86.ActiveCfg = Debug|Win32
		{711C9C95-9662-4CE0-A2DC-325996252739}.Debug|x86.Build.0 = Debug|Win32
		{711C9C95-9662-4CE0-A2DC-325996252739}.Release|x64.ActiveCfg = Release|x64
		{711C9C95-9662-4CE0-A2DC-325996252739}.Release|x64.Build.0 = Release|x64
		{711C9C95-9662-4CE0-A2DC-325996252739}.Release|x86.ActiveCfg = Release|Win32
		{711C9C95-9662-4CE0-A2DC-325996252739}.Release|x86.Build.0 = Release|Win32
		{40EFB034-7927-4B50-AE32-3281A75B560B}.Debug|x64.ActiveCfg = Debug|x64
		{40EFB034-7927-4B50-AE32-3281A75B560B}.Debug|x64.Build.0 = Debug|x64
		{40EFB034-7927-4B50-AE32-3281A75B560B}.Debug|x86.ActiveCfg = Debug|Win32
		{40EFB034-7927-4B50-AE32-3281A75B560B}.Debug|x86.Build.0 = Debug|Win32
		{40EFB034-7927-4B50-AE32-3281A75B560B}.Release|x64.ActiveCfg = Release|x64
		{40EFB034-7927-4B50-AE32-3281A75B560B}.Release|x64.Build.0 = Release|x64
		{40EFB034-7927-4B50-AE32-3281A75B560B}.Release|x86.ActiveCfg = Release|Win32
		{40EFB034-7927-4B50-AE32-3281A75B560B}.Release|x86.Build.0 = Release|Win32
		{51F75260-D3E2-441E-B99F-0F37E2A493F6}.Debug|x64.ActiveCfg = Debug|x64
		{51F75260-D3E2-441E-B99F-0F37E2A493F6}.Debug|x64.Build.0 = Debug|x64
		{51F75260-D3E2-441E-B99F-0F37E2A493F6}.Debug|x86.ActiveCfg = Debug|Win32
		{51F75260-D3E2-441E-B99F-0F37E2A493F6}.Debug|x86.Build.0 = Debug|Win32
		{51F75260-D3E2-441E-B99F-0F37E2A493F6}.Release|x64.ActiveCfg = Release|x64
		{51F75260-D3E2-441E-B99F-0F37E2A493F6}.Release|x64.Build.0 = Release|x64
		{51F75260-D3E2-441E-B99F-0F37E2A493F6}.Release|x86.ActiveCfg = Release|Win32
		{51F75260-D3E2-441E-B99F-0F37E2A493F6}.Release|x86.Build.0 = Release|Win32
		{3F4D64AC-4B3A-446B-8F1B-EB9CDE3D4462}.Debug|x64.ActiveCfg = Debug|x64
		{3F4D64AC-4B3A-446B-8F1B-EB9CDE3D4462}.Debug|x64.Build.0 = Debug|x64
		{3F4D64AC-4B3A-446B-8F1B-EB9CDE3D4462}.Debug|x86.ActiveCfg = Debug|Win32
		{3F4D64AC-4B3A-446B-8F1B-EB9CDE3D4462}.Debug|x86.Build.0 = Debug|Win32
		{3F4D64AC-4B3A-446B-8F1B-EB9CDE3D4462}.Release|x64.ActiveCfg = Release|x64
		{3F4D64AC-4B3A-446B-8F1B-EB9CDE3D4462}.Release|x64.Build.0 = Release|x64
		{3F4D64AC-4B3A-446B-8F1B-EB9CDE3D4462}.Release|x86.ActiveCfg = Release|Win32
		{3F4D64AC-4B3A-446B-8F1B-EB9CDE3D4462}.Release|x86.Build.0 = Release|Win32
		{CE768751-7CAC-477A-BCD4-85F468F6F18D}.Debug|x64.ActiveCfg = Debug|x64
		{CE768751-7CAC-477A-BCD4-85F468F6F18D}.Debug|x64.Build.0 = Debug|x64
		{CE768751-7CAC-477A-BCD4-85F468F6F18D}.Debug|x86.ActiveCfg = Debug|Win32
		{CE768751-7CAC-477A-BCD4-85F468F6F18D}.Debug|x86.Build.0 = Debug|Win32
		{CE768751-7CAC-477A-BCD4-85F468F6F18D}.Release|x64.ActiveCfg = Release|x64
		{CE768751-7CAC-477A-BCD4-85F468F6F18D}.Release|x64.Build.0 = Release|x64
		{CE768751-7CAC-477A-BCD4-85F468F6F18D}.Release|x86.ActiveCfg = Release|Win32
		{CE768751-7CAC-477A-BCD4-85F468F6F18D}.Release|x86.Build.0 = Release|Win32
		{69427EB4-F074-4F5C-9A99-CEEDD429F510}.Debug|x64.ActiveCfg = Debug|x64
		{69427EB4-F074-4F5C-9A99-CEEDD429F510}.Debug|x64.Build.0 = Debug|x64
		{69427EB4-F074-4F5C-9A99-CEEDD429F510}.Debug|x86.ActiveCfg = Debug|Win32
		{69427EB4-F074-4F5C-9A99-CEEDD429F510}.Debug|x86.Build.0 = Debug|Win32
		{69427EB4-F074-4F5C-9A99-CEEDD429F510}.Release|x64.ActiveCfg = Release|x64
		{69427EB4-F074-4F5C-9A99-CEEDD429F510}.Release|x64.Build.0 = Release|x64
		{69427EB4-F074-4F5C-9A99-CEEDD429F510}.Release|x86.ActiveCfg = Release|Win32
		{69427EB4-F074-4F5C-9A99-CEEDD429F510}.Release|x86.Build.0 = Release|Win32
		{581EE665-5A86-439C-9683-F32B4757638D}.Debug|x64.ActiveCfg = Debug|x64
		{581EE665-5A86-439C-9683-F32B4757638D}.Debug|x64.Build.0 = Debug|x64
		{581EE665-5A86-439C-9683-F32B4757638D}.Debug|x86.ActiveCfg = Debug|Win32
		{581EE665-5A86-439C-9683-F32B4757638D}.Debug|x86.Build.0 = Debug|Win32
		{581EE665-5A86-439C-9683-F32B4757638D}.Release|x64.ActiveCfg = Release|x64
		{581EE665-5A86-439C-9683-F32B4757638D}.Release|x64.Build.0 = Release|x64
		{581EE665-5A86-439C-9683-F32B4757638D}.Release|x86.ActiveCfg = Release|Win32
		{581EE665-5A86-439C-9683-F32B4757638D}.Release|x86.Build.0 = Release|Win32
		{C9746423-9D29-45A4-8197-F65C70251403}.Debug|x64.ActiveCfg = Debug|x64
		{C9746423-9D29-45A4-8197-F65C70251403}.Debug|x64.Build.0 = Debug|x64
		{C9746423-9D29-45A4-8197-F65C70251403}.Debug|x86.ActiveCfg = Debug|Win32
		{C9746423-9D29-45A4-8197-F65C70251403}.Debug|x86.Build.0 = Debug|Win32
		{C9746423-9D29-45A4-8197-F65C70251403}.Release|x64.ActiveCfg = Release|x64
		{C9746423-9D29-45A4-8197-F65C70251403}.Release|x64.Build.0 = Release|x64
		{C9746423-9D29-45A4-8197-F65C70251403}.Release|x86.ActiveCfg = Release|Win32
		{C9746423-9D29-45A4-8197-F65C70251403}.Release|x86.Build.0 = Release|Win32
		{AE807047-95FC-46FD-A71A-D75ADF0E20E7}.Debug|x64.ActiveCfg = Debug|x64
		{AE807047-95FC-46FD-A71A-D75ADF0E20E7}.Debug|x64.Build.0 = Debug|x64
		{AE807047-95FC-46FD-A71A-D75ADF0E20E7}.Debug|x86.ActiveCfg = Debug|Win32
		{AE807047-95FC-46FD-A71A-D75ADF0E20E7}.Debug|x86.Build.0 = Debug|Win32
		{AE807047-95FC-46FD-A71A-D75ADF0E20E7}.Release|x64.ActiveCfg = Release|x64
		{AE807047-95FC-46FD-A71A-D75ADF0E20E7}.Release|x64.Build.0 = Release|x64
		{AE807047-95FC-46FD-A71A-D75ADF0E20E7}.Release|x86.ActiveCfg = Release|Win32
		{AE807047-95FC-46FD-A71A-D75ADF0E20E7}.Release|x86.Build.0 = Release|Win32
		{3B1C72E1-52CD-42C8-A6A3-6834CA4648D2}.Debug|x64.ActiveCfg = Debug|x64
		{3B1C72E1-52CD-42C8-A6A3-6834CA4648D2}.Debug|x64.Build.0 = Debug|x64
		{3B1C72E1-52CD-42C8-A6A3-6834CA4648D2}.Debug|x86.ActiveCfg = Debug|Win32
		{3B1C72E1-52CD-42C8-A6A3-6834CA4648D2}.Debug|x86.Build.0 = Debug|Win32
		{3B1C72E1-52CD-42C8-A6A3-6834CA4648D2}.Release|x64.ActiveCfg = Release|x64
		{3B1C72E1-52CD-42C8-A6A3-6834CA4648D2}.Release|x64.Build.0 = Release|x64
		{3B1C72E1-52CD-42C8-A6A3-6834CA4648D2}.Release|x86.ActiveCfg = Release|Win32
		{3B1C72E1-52CD-42C8-A6A3-6834CA4648D2}.Release|x86.Build.0 = Release|Win32
		{EF22FAF1-0A8C-4123-BC94-903BB77B6FDA}.Debug|x64.ActiveCfg = Debug|x64
		{EF22FAF1-0A8C-4123-BC94-903BB77B6FDA}.Debug|x64.Build.0 = Debug|x64
		{EF22FAF1-0A8C-4123-BC94-903BB77B6FDA}.Debug|x86.ActiveCfg = Debug|Win32
		{EF22FAF1-0A8C-4123-BC94-903BB77B6FDA}.Debug|x86.Build.0 = Debug|Win32
		{EF22FAF1-0A8C-4123-BC94-903BB77B6FDA}.Release|x64.ActiveCfg = Release|x64
		{EF22FAF1-0A8C-4123-BC94-903BB77B6FDA}.Release|x64.Build.0 = Release|x64
		{EF22FAF1-0A8C-4123-BC94-903BB77B6FDA}.Release|x86.ActiveCfg = Release|Win32
		{EF22FAF1-0A8C-4123-BC94-903BB77B6FDA}.Release|x86.Build.0 = Release|Win32
		{FDEBD2BB-76DE-40F5-82A9-4B2703422C64}.Debug|x64.ActiveCfg = Debug|x64
		{FDEBD2BB-76DE-40F5-82A9-4B2703422C64}.Debug|x64.Build.0 = Debug|x64
		{FDEBD2BB-76DE-40F5-82A9-4B2703422C64}.Debug|x86.ActiveCfg = Debug|Win32
		{FDEBD2BB-76DE-40F5-82A9-4B2703422C64}.Debug|x86.Build.0 = Debug|Win32
		{FDEBD2BB-76DE-40F5-82A9-4B2703422C64}.Release|x64.ActiveCfg = Release|x64
		{FDEBD2BB-76DE-40F5-82A9-4B2703422C64}.Release|x64.Build.0 = Release|x64
		{FDEBD2BB-76DE-40F5-82A9-4B2703422C64}.Release|x86.ActiveCfg = Release|Win32
		{FDEBD2BB-76DE-40F5-82A9-4B2703422C64}.Release|x86.Build.0 = Release|Win32
		{1E5BFCCF-BB30-4A67-A718-DE5A66D95A84}.Debug|x64.ActiveCfg = Debug|x64
		{1E5BFCCF-BB30-4A67-A718-DE5A66D95A84}.Debug|x64.Build.0 = Debug|x64
		{1E5BFCCF-BB30-4A67-A718-DE5A66D95A84}.Debug|x86.ActiveCfg = Debug|Win32
		{1E5BFCCF-BB30-4A67-A718-DE5A66D95A84}.Debug|x86.Build.0 = Debug|Win32
		{1E5BFCCF-BB30-4A67-A718-DE5A66D95A84}.Release|x64.ActiveCfg = Release|x64
		{1E5BFCCF-BB30-4A67-A718-DE5A66D95A84}.Release|x64.Build.0 = Release|x64
		{1E5BFCCF-BB30-4A67-A718-DE5A66D95A84}.Release|x86.ActiveCfg = Release|Win32
		{1E5BFCCF-BB30-4A67-A718-DE5A66D95A84}.Release|x86.Build.0 = Release|Win32
		{0DE0E72F-C646-4174-B93B-310C92D2DFC9}.Debug|x64.ActiveCfg = Debug|x64
		{0DE0E72F-C646-4174-B93B-310C92D2DFC9}.Debug|x64.Build.0 = Debug|x64
		{0DE0E72F-C646-4174-B93B-310C92D2DFC9}.Debug|x86.ActiveCfg = Debug|Win32
		{0DE0E72F-C646-4174-B93B-310C92D2DFC9}.Debug|x86.Build.0 = Debug|Win32
		{0DE0E72F-C646-4174-B93B-310C92D2DFC9}.Release|x64.ActiveCfg = Release|x64
		{0DE0E72F-C646-4174-B93B-310C92D2DFC9}.Release|x64.Build.0 = Release|x64
		{0DE0E72F-C646-4174-B93B-310C92D2DFC9}.Release|x86.ActiveCfg = Release|Win32
		{0DE0E72F-C646-4174-B93B-310C92D2DFC9}.Release|x86.Build.0 = Release|Win32
	EndGlobalSection
	GlobalSection(SolutionProperties) = preSolution
		HideSolutionNode = FALSE
	EndGlobalSection
	GlobalSection(ExtensibilityGlobals) = postSolution
		SolutionGuid = {8D8E4233-DB1A-4B14-B276-2209A9C37441}
	EndGlobalSection
EndGlobal
