
Microsoft Visual Studio Solution File, Format Version 12.00
# Visual Studio 15
VisualStudioVersion = 15.0.27703.2035
MinimumVisualStudioVersion = 10.0.40219.1
Project("{8BC9CEB8-8B4A-11D0-8D11-00A0C91BC942}") = "exam1", "exam1\exam1.vcxproj", "{DA951321-423F-4866-B9D9-CB073BB2476D}"
EndProject
Project("{8BC9CEB8-8B4A-11D0-8D11-00A0C91BC942}") = "exam2", "exam2\exam2.vcxproj", "{168DAD09-D096-4B31-BE67-20683F7B5A3F}"
EndProject
Project("{8BC9CEB8-8B4A-11D0-8D11-00A0C91BC942}") = "exam3", "exam3\exam3.vcxproj", "{7B09597D-57E4-4F4A-B7C9-5FEA96A79E58}"
EndProject
Project("{8BC9CEB8-8B4A-11D0-8D11-00A0C91BC942}") = "exam4", "exam4\exam4.vcxproj", "{6E7042C5-62E3-49AF-B52F-7ECEE09F1C16}"
EndProject
Project("{8BC9CEB8-8B4A-11D0-8D11-00A0C91BC942}") = "exam5", "exam5\exam5.vcxproj", "{ABE1B370-7B0D-4A99-A0DA-0DF4C6F81CF9}"
EndProject
Project("{8BC9CEB8-8B4A-11D0-8D11-00A0C91BC942}") = "exam6", "exam6\exam6.vcxproj", "{8A1664C8-4331-4AE9-91AE-BA8FE786C280}"
EndProject
Project("{8BC9CEB8-8B4A-11D0-8D11-00A0C91BC942}") = "exam7", "exam7\exam7.vcxproj", "{802D3C6D-F95A-4F3D-BE34-2AAE02B51A7A}"
EndProject
Project("{8BC9CEB8-8B4A-11D0-8D11-00A0C91BC942}") = "exam8", "exam8\exam8.vcxproj", "{9C9938D8-1B2B-4F66-BE8C-0141349C7B59}"
EndProject
Project("{8BC9CEB8-8B4A-11D0-8D11-00A0C91BC942}") = "exam9", "exam9\exam9.vcxproj", "{F7F8A8B5-A6A2-4F8D-9CB5-C7A5D12E2871}"
EndProject
Project("{8BC9CEB8-8B4A-11D0-8D11-00A0C91BC942}") = "exam10", "exam10\exam10.vcxproj", "{D20EE5F2-26E1-4E26-A6C0-E77974AAF696}"
EndProject
Project("{8BC9CEB8-8B4A-11D0-8D11-00A0C91BC942}") = "exam11", "exam11\exam11.vcxproj", "{81AE8405-F375-459A-A4D4-23A86CD1EEFF}"
EndProject
Global
	GlobalSection(SolutionConfigurationPlatforms) = preSolution
		Debug|x64 = Debug|x64
		Debug|x86 = Debug|x86
		Release|x64 = Release|x64
		Release|x86 = Release|x86
	EndGlobalSection
	GlobalSection(ProjectConfigurationPlatforms) = postSolution
		{DA951321-423F-4866-B9D9-CB073BB2476D}.Debug|x64.ActiveCfg = Debug|x64
		{DA951321-423F-4866-B9D9-CB073BB2476D}.Debug|x64.Build.0 = Debug|x64
		{DA951321-423F-4866-B9D9-CB073BB2476D}.Debug|x86.ActiveCfg = Debug|Win32
		{DA951321-423F-4866-B9D9-CB073BB2476D}.Debug|x86.Build.0 = Debug|Win32
		{DA951321-423F-4866-B9D9-CB073BB2476D}.Release|x64.ActiveCfg = Release|x64
		{DA951321-423F-4866-B9D9-CB073BB2476D}.Release|x64.Build.0 = Release|x64
		{DA951321-423F-4866-B9D9-CB073BB2476D}.Release|x86.ActiveCfg = Release|Win32
		{DA951321-423F-4866-B9D9-CB073BB2476D}.Release|x86.Build.0 = Release|Win32
		{168DAD09-D096-4B31-BE67-20683F7B5A3F}.Debug|x64.ActiveCfg = Debug|x64
		{168DAD09-D096-4B31-BE67-20683F7B5A3F}.Debug|x64.Build.0 = Debug|x64
		{168DAD09-D096-4B31-BE67-20683F7B5A3F}.Debug|x86.ActiveCfg = Debug|Win32
		{168DAD09-D096-4B31-BE67-20683F7B5A3F}.Debug|x86.Build.0 = Debug|Win32
		{168DAD09-D096-4B31-BE67-20683F7B5A3F}.Release|x64.ActiveCfg = Release|x64
		{168DAD09-D096-4B31-BE67-20683F7B5A3F}.Release|x64.Build.0 = Release|x64
		{168DAD09-D096-4B31-BE67-20683F7B5A3F}.Release|x86.ActiveCfg = Release|Win32
		{168DAD09-D096-4B31-BE67-20683F7B5A3F}.Release|x86.Build.0 = Release|Win32
		{7B09597D-57E4-4F4A-B7C9-5FEA96A79E58}.Debug|x64.ActiveCfg = Debug|x64
		{7B09597D-57E4-4F4A-B7C9-5FEA96A79E58}.Debug|x64.Build.0 = Debug|x64
		{7B09597D-57E4-4F4A-B7C9-5FEA96A79E58}.Debug|x86.ActiveCfg = Debug|Win32
		{7B09597D-57E4-4F4A-B7C9-5FEA96A79E58}.Debug|x86.Build.0 = Debug|Win32
		{7B09597D-57E4-4F4A-B7C9-5FEA96A79E58}.Release|x64.ActiveCfg = Release|x64
		{7B09597D-57E4-4F4A-B7C9-5FEA96A79E58}.Release|x64.Build.0 = Release|x64
		{7B09597D-57E4-4F4A-B7C9-5FEA96A79E58}.Release|x86.ActiveCfg = Release|Win32
		{7B09597D-57E4-4F4A-B7C9-5FEA96A79E58}.Release|x86.Build.0 = Release|Win32
		{6E7042C5-62E3-49AF-B52F-7ECEE09F1C16}.Debug|x64.ActiveCfg = Debug|x64
		{6E7042C5-62E3-49AF-B52F-7ECEE09F1C16}.Debug|x64.Build.0 = Debug|x64
		{6E7042C5-62E3-49AF-B52F-7ECEE09F1C16}.Debug|x86.ActiveCfg = Debug|Win32
		{6E7042C5-62E3-49AF-B52F-7ECEE09F1C16}.Debug|x86.Build.0 = Debug|Win32
		{6E7042C5-62E3-49AF-B52F-7ECEE09F1C16}.Release|x64.ActiveCfg = Release|x64
		{6E7042C5-62E3-49AF-B52F-7ECEE09F1C16}.Release|x64.Build.0 = Release|x64
		{6E7042C5-62E3-49AF-B52F-7ECEE09F1C16}.Release|x86.ActiveCfg = Release|Win32
		{6E7042C5-62E3-49AF-B52F-7ECEE09F1C16}.Release|x86.Build.0 = Release|Win32
		{ABE1B370-7B0D-4A99-A0DA-0DF4C6F81CF9}.Debug|x64.ActiveCfg = Debug|x64
		{ABE1B370-7B0D-4A99-A0DA-0DF4C6F81CF9}.Debug|x64.Build.0 = Debug|x64
		{ABE1B370-7B0D-4A99-A0DA-0DF4C6F81CF9}.Debug|x86.ActiveCfg = Debug|Win32
		{ABE1B370-7B0D-4A99-A0DA-0DF4C6F81CF9}.Debug|x86.Build.0 = Debug|Win32
		{ABE1B370-7B0D-4A99-A0DA-0DF4C6F81CF9}.Release|x64.ActiveCfg = Release|x64
		{ABE1B370-7B0D-4A99-A0DA-0DF4C6F81CF9}.Release|x64.Build.0 = Release|x64
		{ABE1B370-7B0D-4A99-A0DA-0DF4C6F81CF9}.Release|x86.ActiveCfg = Release|Win32
		{ABE1B370-7B0D-4A99-A0DA-0DF4C6F81CF9}.Release|x86.Build.0 = Release|Win32
		{8A1664C8-4331-4AE9-91AE-BA8FE786C280}.Debug|x64.ActiveCfg = Debug|x64
		{8A1664C8-4331-4AE9-91AE-BA8FE786C280}.Debug|x64.Build.0 = Debug|x64
		{8A1664C8-4331-4AE9-91AE-BA8FE786C280}.Debug|x86.ActiveCfg = Debug|Win32
		{8A1664C8-4331-4AE9-91AE-BA8FE786C280}.Debug|x86.Build.0 = Debug|Win32
		{8A1664C8-4331-4AE9-91AE-BA8FE786C280}.Release|x64.ActiveCfg = Release|x64
		{8A1664C8-4331-4AE9-91AE-BA8FE786C280}.Release|x64.Build.0 = Release|x64
		{8A1664C8-4331-4AE9-91AE-BA8FE786C280}.Release|x86.ActiveCfg = Release|Win32
		{8A1664C8-4331-4AE9-91AE-BA8FE786C280}.Release|x86.Build.0 = Release|Win32
		{802D3C6D-F95A-4F3D-BE34-2AAE02B51A7A}.Debug|x64.ActiveCfg = Debug|x64
		{802D3C6D-F95A-4F3D-BE34-2AAE02B51A7A}.Debug|x64.Build.0 = Debug|x64
		{802D3C6D-F95A-4F3D-BE34-2AAE02B51A7A}.Debug|x86.ActiveCfg = Debug|Win32
		{802D3C6D-F95A-4F3D-BE34-2AAE02B51A7A}.Debug|x86.Build.0 = Debug|Win32
		{802D3C6D-F95A-4F3D-BE34-2AAE02B51A7A}.Release|x64.ActiveCfg = Release|x64
		{802D3C6D-F95A-4F3D-BE34-2AAE02B51A7A}.Release|x64.Build.0 = Release|x64
		{802D3C6D-F95A-4F3D-BE34-2AAE02B51A7A}.Release|x86.ActiveCfg = Release|Win32
		{802D3C6D-F95A-4F3D-BE34-2AAE02B51A7A}.Release|x86.Build.0 = Release|Win32
		{9C9938D8-1B2B-4F66-BE8C-0141349C7B59}.Debug|x64.ActiveCfg = Debug|x64
		{9C9938D8-1B2B-4F66-BE8C-0141349C7B59}.Debug|x64.Build.0 = Debug|x64
		{9C9938D8-1B2B-4F66-BE8C-0141349C7B59}.Debug|x86.ActiveCfg = Debug|Win32
		{9C9938D8-1B2B-4F66-BE8C-0141349C7B59}.Debug|x86.Build.0 = Debug|Win32
		{9C9938D8-1B2B-4F66-BE8C-0141349C7B59}.Release|x64.ActiveCfg = Release|x64
		{9C9938D8-1B2B-4F66-BE8C-0141349C7B59}.Release|x64.Build.0 = Release|x64
		{9C9938D8-1B2B-4F66-BE8C-0141349C7B59}.Release|x86.ActiveCfg = Release|Win32
		{9C9938D8-1B2B-4F66-BE8C-0141349C7B59}.Release|x86.Build.0 = Release|Win32
		{F7F8A8B5-A6A2-4F8D-9CB5-C7A5D12E2871}.Debug|x64.ActiveCfg = Debug|x64
		{F7F8A8B5-A6A2-4F8D-9CB5-C7A5D12E2871}.Debug|x64.Build.0 = Debug|x64
		{F7F8A8B5-A6A2-4F8D-9CB5-C7A5D12E2871}.Debug|x86.ActiveCfg = Debug|Win32
		{F7F8A8B5-A6A2-4F8D-9CB5-C7A5D12E2871}.Debug|x86.Build.0 = Debug|Win32
		{F7F8A8B5-A6A2-4F8D-9CB5-C7A5D12E2871}.Release|x64.ActiveCfg = Release|x64
		{F7F8A8B5-A6A2-4F8D-9CB5-C7A5D12E2871}.Release|x64.Build.0 = Release|x64
		{F7F8A8B5-A6A2-4F8D-9CB5-C7A5D12E2871}.Release|x86.ActiveCfg = Release|Win32
		{F7F8A8B5-A6A2-4F8D-9CB5-C7A5D12E2871}.Release|x86.Build.0 = Release|Win32
		{D20EE5F2-26E1-4E26-A6C0-E77974AAF696}.Debug|x64.ActiveCfg = Debug|x64
		{D20EE5F2-26E1-4E26-A6C0-E77974AAF696}.Debug|x64.Build.0 = Debug|x64
		{D20EE5F2-26E1-4E26-A6C0-E77974AAF696}.Debug|x86.ActiveCfg = Debug|Win32
		{D20EE5F2-26E1-4E26-A6C0-E77974AAF696}.Debug|x86.Build.0 = Debug|Win32
		{D20EE5F2-26E1-4E26-A6C0-E77974AAF696}.Release|x64.ActiveCfg = Release|x64
		{D20EE5F2-26E1-4E26-A6C0-E77974AAF696}.Release|x64.Build.0 = Release|x64
		{D20EE5F2-26E1-4E26-A6C0-E77974AAF696}.Release|x86.ActiveCfg = Release|Win32
		{D20EE5F2-26E1-4E26-A6C0-E77974AAF696}.Release|x86.Build.0 = Release|Win32
		{81AE8405-F375-459A-A4D4-23A86CD1EEFF}.Debug|x64.ActiveCfg = Debug|x64
		{81AE8405-F375-459A-A4D4-23A86CD1EEFF}.Debug|x64.Build.0 = Debug|x64
		{81AE8405-F375-459A-A4D4-23A86CD1EEFF}.Debug|x86.ActiveCfg = Debug|Win32
		{81AE8405-F375-459A-A4D4-23A86CD1EEFF}.Debug|x86.Build.0 = Debug|Win32
		{81AE8405-F375-459A-A4D4-23A86CD1EEFF}.Release|x64.ActiveCfg = Release|x64
		{81AE8405-F375-459A-A4D4-23A86CD1EEFF}.Release|x64.Build.0 = Release|x64
		{81AE8405-F375-459A-A4D4-23A86CD1EEFF}.Release|x86.ActiveCfg = Release|Win32
		{81AE8405-F375-459A-A4D4-23A86CD1EEFF}.Release|x86.Build.0 = Release|Win32
	EndGlobalSection
	GlobalSection(SolutionProperties) = preSolution
		HideSolutionNode = FALSE
	EndGlobalSection
	GlobalSection(ExtensibilityGlobals) = postSolution
		SolutionGuid = {D1FFE0F1-0C07-40C9-9CA7-F0C7BF0FE4AC}
	EndGlobalSection
EndGlobal
